
Microsoft Visual Studio Solution File, Format Version 12.00
# Visual Studio 15
Project("{FAE04EC0-301F-11D3-BF4B-00C04F79EFBC}") = "UnityEngine.UI", "UnityEngine.UI.csproj", "{E55EF684-8F95-48D6-648A-9F3A8ACA4BB8}"
EndProject
Project("{FAE04EC0-301F-11D3-BF4B-00C04F79EFBC}") = "UnityEngine.TestRunner", "UnityEngine.TestRunner.csproj", "{3B56214E-DEB2-3599-11C8-88E6B77C6E4D}"
EndProject
Project("{FAE04EC0-301F-11D3-BF4B-00C04F79EFBC}") = "Unity.VisualScripting.Flow", "Unity.VisualScripting.Flow.csproj", "{CAB6DDFC-C9CE-F44A-5806-6DBC0473FF1F}"
EndProject
Project("{FAE04EC0-301F-11D3-BF4B-00C04F79EFBC}") = "Unity.Mathematics", "Unity.Mathematics.csproj", "{E49CFF30-2723-F79D-6CFF-761A54439016}"
EndProject
Project("{FAE04EC0-301F-11D3-BF4B-00C04F79EFBC}") = "Unity.VisualScripting.State", "Unity.VisualScripting.State.csproj", "{1A1DDE0A-20E8-D77A-5EB5-00CC86F0B4C4}"
EndProject
Project("{FAE04EC0-301F-11D3-BF4B-00C04F79EFBC}") = "Unity.VisualScripting.Core", "Unity.VisualScripting.Core.csproj", "{5BDC24C3-2E53-CF5F-2DAE-A4E8CAFBC5F0}"
EndProject
Project("{FAE04EC0-301F-11D3-BF4B-00C04F79EFBC}") = "Unity.Burst", "Unity.Burst.csproj", "{EACFD682-05BB-7A5C-4043-0006848E9204}"
EndProject
Project("{FAE04EC0-301F-11D3-BF4B-00C04F79EFBC}") = "Unity.2D.Animation.Runtime", "Unity.2D.Animation.Runtime.csproj", "{CE274D18-4E0A-73BC-278A-C415715E59D2}"
EndProject
Project("{FAE04EC0-301F-11D3-BF4B-00C04F79EFBC}") = "Unity.TextMeshPro", "Unity.TextMeshPro.csproj", "{2536ACEC-3BA6-8C56-E3B0-2D35BADA3CB3}"
EndProject
Project("{FAE04EC0-301F-11D3-BF4B-00C04F79EFBC}") = "Tweener", "Tweener.csproj", "{5AB9B293-AE6C-F0E7-8D34-CF8CC9DC9D64}"
EndProject
Project("{FAE04EC0-301F-11D3-BF4B-00C04F79EFBC}") = "Unity.Timeline", "Unity.Timeline.csproj", "{45F6F50A-CB6B-93A2-7C13-9E205CD96760}"
EndProject
Project("{FAE04EC0-301F-11D3-BF4B-00C04F79EFBC}") = "Assembly-CSharp", "Assembly-CSharp.csproj", "{58DBFBFA-4EF1-FCF7-DD43-E275A1B1E547}"
EndProject
Project("{FAE04EC0-301F-11D3-BF4B-00C04F79EFBC}") = "Unity.2D.SpriteShape.Runtime", "Unity.2D.SpriteShape.Runtime.csproj", "{606E9F79-2478-CCE7-7D81-ECC3FFE3D0B7}"
EndProject
Project("{FAE04EC0-301F-11D3-BF4B-00C04F79EFBC}") = "Unity.2D.PixelPerfect", "Unity.2D.PixelPerfect.csproj", "{511E30E9-A298-E6E4-EF6D-5D3BB5F5E2C1}"
EndProject
Project("{FAE04EC0-301F-11D3-BF4B-00C04F79EFBC}") = "Unity.2D.Common.Runtime", "Unity.2D.Common.Runtime.csproj", "{7BF26BF2-E1AD-97EC-1112-10769F0272CC}"
EndProject
Project("{FAE04EC0-301F-11D3-BF4B-00C04F79EFBC}") = "Unity.2D.IK.Runtime", "Unity.2D.IK.Runtime.csproj", "{48AB3383-5442-1654-C625-B49514EEED17}"
EndProject
Project("{FAE04EC0-301F-11D3-BF4B-00C04F79EFBC}") = "Unity.2D.Tilemap.Extras", "Unity.2D.Tilemap.Extras.csproj", "{EF02D1B4-4060-53EF-4780-9C3EF77B1490}"
EndProject
Project("{FAE04EC0-301F-11D3-BF4B-00C04F79EFBC}") = "Unity.InternalAPIEngineBridge.001", "Unity.InternalAPIEngineBridge.001.csproj", "{41DF1A4B-36B8-A353-053F-43236F429911}"
EndProject
Project("{FAE04EC0-301F-11D3-BF4B-00C04F79EFBC}") = "Unity.PlasticSCM.Editor", "Unity.PlasticSCM.Editor.csproj", "{176AB7A1-FB47-E980-73A4-B0AA0C42CE59}"
EndProject
Project("{FAE04EC0-301F-11D3-BF4B-00C04F79EFBC}") = "Unity.VisualScripting.Core.Editor", "Unity.VisualScripting.Core.Editor.csproj", "{E17C1D96-CDD1-E9D9-C82E-2AA042E9DBD3}"
EndProject
Project("{FAE04EC0-301F-11D3-BF4B-00C04F79EFBC}") = "Unity.VisualScripting.Flow.Editor", "Unity.VisualScripting.Flow.Editor.csproj", "{FE9436E4-6600-C1EE-72CC-7E734BBC06C0}"
EndProject
Project("{FAE04EC0-301F-11D3-BF4B-00C04F79EFBC}") = "Unity.VisualStudio.Editor", "Unity.VisualStudio.Editor.csproj", "{2196B501-30FE-549C-A7A8-9A060DBCF361}"
EndProject
Project("{FAE04EC0-301F-11D3-BF4B-00C04F79EFBC}") = "Unity.Timeline.Editor", "Unity.Timeline.Editor.csproj", "{D02C1444-942E-76D8-CBEB-30ADADC701CC}"
EndProject
Project("{FAE04EC0-301F-11D3-BF4B-00C04F79EFBC}") = "Unity.VisualScripting.State.Editor", "Unity.VisualScripting.State.Editor.csproj", "{1CF38E45-C113-89E4-7C08-E3D5759DCC60}"
EndProject
Project("{FAE04EC0-301F-11D3-BF4B-00C04F79EFBC}") = "Unity.TextMeshPro.Editor", "Unity.TextMeshPro.Editor.csproj", "{09EA0FDE-7059-A639-60EF-1A39E6169517}"
EndProject
Project("{FAE04EC0-301F-11D3-BF4B-00C04F79EFBC}") = "Unity.2D.PixelPerfect.Editor", "Unity.2D.PixelPerfect.Editor.csproj", "{FF802570-49DE-A227-DEEA-6B42939C45D8}"
EndProject
Project("{FAE04EC0-301F-11D3-BF4B-00C04F79EFBC}") = "Unity.2D.Animation.Editor", "Unity.2D.Animation.Editor.csproj", "{0C5DD320-DC83-72B8-7128-DCB8F4249C94}"
EndProject
Project("{FAE04EC0-301F-11D3-BF4B-00C04F79EFBC}") = "Unity.VisualScripting.SettingsProvider.Editor", "Unity.VisualScripting.SettingsProvider.Editor.csproj", "{63CAF0B5-3CC7-57D2-B979-2D2D4344F760}"
EndProject
Project("{FAE04EC0-301F-11D3-BF4B-00C04F79EFBC}") = "Unity.2D.Psdimporter.Editor", "Unity.2D.Psdimporter.Editor.csproj", "{DDB62DFC-ACA2-AF1D-F123-28A643C24058}"
EndProject
Project("{FAE04EC0-301F-11D3-BF4B-00C04F79EFBC}") = "UnityEditor.TestRunner", "UnityEditor.TestRunner.csproj", "{1C7F5CA3-D782-5DD6-8FC9-4EE0185EC8EE}"
EndProject
Project("{FAE04EC0-301F-11D3-BF4B-00C04F79EFBC}") = "Unity.2D.Tilemap.Editor", "Unity.2D.Tilemap.Editor.csproj", "{2F3D871B-B319-AB1C-9F44-CBC624306029}"
EndProject
Project("{FAE04EC0-301F-11D3-BF4B-00C04F79EFBC}") = "Unity.Rider.Editor", "Unity.Rider.Editor.csproj", "{248A8BF1-ED39-1822-EE64-5DEF83364AD9}"
EndProject
Project("{FAE04EC0-301F-11D3-BF4B-00C04F79EFBC}") = "Unity.2D.Path.Editor", "Unity.2D.Path.Editor.csproj", "{7DF43908-5160-E801-5A74-A0F7A7568F48}"
EndProject
Project("{FAE04EC0-301F-11D3-BF4B-00C04F79EFBC}") = "PsdPlugin", "PsdPlugin.csproj", "{FAC27807-3E6F-5128-B3CA-81A4BE55B7BF}"
EndProject
Project("{FAE04EC0-301F-11D3-BF4B-00C04F79EFBC}") = "Unity.2D.IK.Editor", "Unity.2D.IK.Editor.csproj", "{BD4C9427-5F7D-2043-24FE-4FFCA7AD4FEA}"
EndProject
Project("{FAE04EC0-301F-11D3-BF4B-00C04F79EFBC}") = "Unity.2D.SpriteShape.Editor", "Unity.2D.SpriteShape.Editor.csproj", "{274D22EB-AD2F-0E39-DC78-FA3ADD57E432}"
EndProject
Project("{FAE04EC0-301F-11D3-BF4B-00C04F79EFBC}") = "Unity.Burst.CodeGen", "Unity.Burst.CodeGen.csproj", "{DEC9F24A-F5B0-4406-6487-3BBA0838ECB8}"
EndProject
Project("{FAE04EC0-301F-11D3-BF4B-00C04F79EFBC}") = "Unity.VSCode.Editor", "Unity.VSCode.Editor.csproj", "{D5810DB9-2CF6-1772-0DB1-352DE4072F94}"
EndProject
Project("{FAE04EC0-301F-11D3-BF4B-00C04F79EFBC}") = "Unity.2D.Sprite.Editor", "Unity.2D.Sprite.Editor.csproj", "{A77A2BF7-BC45-2A59-E4C4-53D2679F1EB4}"
EndProject
Project("{FAE04EC0-301F-11D3-BF4B-00C04F79EFBC}") = "UnityEditor.UI", "UnityEditor.UI.csproj", "{EE7AD893-CD72-879E-9AB7-6C0128695C44}"
EndProject
Project("{FAE04EC0-301F-11D3-BF4B-00C04F79EFBC}") = "Unity.2D.Common.Editor", "Unity.2D.Common.Editor.csproj", "{03684BF6-B3E3-FCA8-6F15-DE59F5A689CE}"
EndProject
Project("{FAE04EC0-301F-11D3-BF4B-00C04F79EFBC}") = "Unity.CollabProxy.Editor", "Unity.CollabProxy.Editor.csproj", "{489A1446-B5D7-DC29-E746-87FC2AA56976}"
EndProject
Project("{FAE04EC0-301F-11D3-BF4B-00C04F79EFBC}") = "Unity.Mathematics.Editor", "Unity.Mathematics.Editor.csproj", "{06DE27A0-9A35-8702-5E11-E3717F34B902}"
EndProject
Project("{FAE04EC0-301F-11D3-BF4B-00C04F79EFBC}") = "Unity.2D.Tilemap.Extras.Editor", "Unity.2D.Tilemap.Extras.Editor.csproj", "{09C22F61-D606-DDE0-D125-DE5ED1FC1183}"
EndProject
Project("{FAE04EC0-301F-11D3-BF4B-00C04F79EFBC}") = "Unity.Burst.Editor", "Unity.Burst.Editor.csproj", "{AA451CA0-6B07-AC03-8080-AE0C4EABA299}"
EndProject
Project("{FAE04EC0-301F-11D3-BF4B-00C04F79EFBC}") = "Unity.InternalAPIEditorBridge.001", "Unity.InternalAPIEditorBridge.001.csproj", "{30619FDE-A8AB-3FA3-5D0A-DE6D3E06A9F4}"
EndProject
Project("{FAE04EC0-301F-11D3-BF4B-00C04F79EFBC}") = "TweenerEditor", "TweenerEditor.csproj", "{E1DC2097-8E20-3583-09AF-84492E1D2A9A}"
EndProject
Project("{FAE04EC0-301F-11D3-BF4B-00C04F79EFBC}") = "Unity.VisualScripting.Shared.Editor", "Unity.VisualScripting.Shared.Editor.csproj", "{EAC09B10-D16E-73F1-8304-609E4A00F6B4}"
EndProject
Project("{FAE04EC0-301F-11D3-BF4B-00C04F79EFBC}") = "UnityEngine.UI", "UnityEngine.UI.Player.csproj", "{0A61DA68-FBD9-F560-B4AA-A09432FCFB51}"
EndProject
Project("{FAE04EC0-301F-11D3-BF4B-00C04F79EFBC}") = "UnityEngine.TestRunner", "UnityEngine.TestRunner.Player.csproj", "{709DF9D2-CDC5-E1A1-BC80-DE33A1C470F7}"
EndProject
Project("{FAE04EC0-301F-11D3-BF4B-00C04F79EFBC}") = "Unity.VisualScripting.Flow", "Unity.VisualScripting.Flow.Player.csproj", "{443905B2-1C24-A68E-D909-1578C398CFF2}"
EndProject
Project("{FAE04EC0-301F-11D3-BF4B-00C04F79EFBC}") = "Unity.Mathematics", "Unity.Mathematics.Player.csproj", "{E5A5A5BF-4E81-9699-9961-8B8776EAB8FB}"
EndProject
Project("{FAE04EC0-301F-11D3-BF4B-00C04F79EFBC}") = "Unity.VisualScripting.State", "Unity.VisualScripting.State.Player.csproj", "{A9AA1DAE-3F7B-9323-1995-E6D5EEF9B9AF}"
EndProject
Project("{FAE04EC0-301F-11D3-BF4B-00C04F79EFBC}") = "Unity.VisualScripting.Core", "Unity.VisualScripting.Core.Player.csproj", "{993D7232-0EA0-ED78-6604-828A5130F508}"
EndProject
Project("{FAE04EC0-301F-11D3-BF4B-00C04F79EFBC}") = "Unity.Burst", "Unity.Burst.Player.csproj", "{C8373F79-7208-8191-BD46-ACC1EC92B914}"
EndProject
Project("{FAE04EC0-301F-11D3-BF4B-00C04F79EFBC}") = "Unity.2D.Animation.Runtime", "Unity.2D.Animation.Runtime.Player.csproj", "{4B213731-81AD-7536-DE82-EA0F3A2E3E70}"
EndProject
Project("{FAE04EC0-301F-11D3-BF4B-00C04F79EFBC}") = "Unity.TextMeshPro", "Unity.TextMeshPro.Player.csproj", "{CF48C330-BC88-EA5F-5899-783C41A59CCE}"
EndProject
Project("{FAE04EC0-301F-11D3-BF4B-00C04F79EFBC}") = "Tweener", "Tweener.Player.csproj", "{501520C8-A16D-1101-C2E7-92CE64BCFE70}"
EndProject
Project("{FAE04EC0-301F-11D3-BF4B-00C04F79EFBC}") = "Unity.Timeline", "Unity.Timeline.Player.csproj", "{8BE0F10C-3729-1864-BF03-FC3E1597B473}"
EndProject
Project("{FAE04EC0-301F-11D3-BF4B-00C04F79EFBC}") = "Assembly-CSharp", "Assembly-CSharp.Player.csproj", "{390388CC-7786-2F2A-15D9-96BB5CA31605}"
EndProject
Project("{FAE04EC0-301F-11D3-BF4B-00C04F79EFBC}") = "Unity.2D.SpriteShape.Runtime", "Unity.2D.SpriteShape.Runtime.Player.csproj", "{EAAC468A-0160-06CE-0278-B23717C912BE}"
EndProject
Project("{FAE04EC0-301F-11D3-BF4B-00C04F79EFBC}") = "Unity.2D.PixelPerfect", "Unity.2D.PixelPerfect.Player.csproj", "{34063E43-7EF2-D5C8-169A-CBAFE0C6C094}"
EndProject
Project("{FAE04EC0-301F-11D3-BF4B-00C04F79EFBC}") = "Unity.2D.Common.Runtime", "Unity.2D.Common.Runtime.Player.csproj", "{11C5896C-F7D1-513E-E21B-B5B6A47B7603}"
EndProject
Project("{FAE04EC0-301F-11D3-BF4B-00C04F79EFBC}") = "Unity.2D.IK.Runtime", "Unity.2D.IK.Runtime.Player.csproj", "{460404F7-4CC1-792D-D30D-BA08BD65929A}"
EndProject
Project("{FAE04EC0-301F-11D3-BF4B-00C04F79EFBC}") = "Unity.2D.Tilemap.Extras", "Unity.2D.Tilemap.Extras.Player.csproj", "{F7742C6D-5456-320F-C2D9-D347001D7FF5}"
EndProject
Project("{FAE04EC0-301F-11D3-BF4B-00C04F79EFBC}") = "Unity.InternalAPIEngineBridge.001", "Unity.InternalAPIEngineBridge.001.Player.csproj", "{A012FDB8-76B6-BA81-A36B-349A024389A2}"
EndProject
Global
	GlobalSection(SolutionConfigurationPlatforms) = preSolution
		Debug|Any CPU = Debug|Any CPU
		Release|Any CPU = Release|Any CPU
	EndGlobalSection
	GlobalSection(ProjectConfigurationPlatforms) = postSolution
		{E55EF684-8F95-48D6-648A-9F3A8ACA4BB8}.Debug|Any CPU.ActiveCfg = Debug|Any CPU
		{E55EF684-8F95-48D6-648A-9F3A8ACA4BB8}.Debug|Any CPU.Build.0 = Debug|Any CPU
		{E55EF684-8F95-48D6-648A-9F3A8ACA4BB8}.Release|Any CPU.ActiveCfg = Release|Any CPU
		{E55EF684-8F95-48D6-648A-9F3A8ACA4BB8}.Release|Any CPU.Build.0 = Release|Any CPU
		{3B56214E-DEB2-3599-11C8-88E6B77C6E4D}.Debug|Any CPU.ActiveCfg = Debug|Any CPU
		{3B56214E-DEB2-3599-11C8-88E6B77C6E4D}.Debug|Any CPU.Build.0 = Debug|Any CPU
		{3B56214E-DEB2-3599-11C8-88E6B77C6E4D}.Release|Any CPU.ActiveCfg = Release|Any CPU
		{3B56214E-DEB2-3599-11C8-88E6B77C6E4D}.Release|Any CPU.Build.0 = Release|Any CPU
		{CAB6DDFC-C9CE-F44A-5806-6DBC0473FF1F}.Debug|Any CPU.ActiveCfg = Debug|Any CPU
		{CAB6DDFC-C9CE-F44A-5806-6DBC0473FF1F}.Debug|Any CPU.Build.0 = Debug|Any CPU
		{CAB6DDFC-C9CE-F44A-5806-6DBC0473FF1F}.Release|Any CPU.ActiveCfg = Release|Any CPU
		{CAB6DDFC-C9CE-F44A-5806-6DBC0473FF1F}.Release|Any CPU.Build.0 = Release|Any CPU
		{E49CFF30-2723-F79D-6CFF-761A54439016}.Debug|Any CPU.ActiveCfg = Debug|Any CPU
		{E49CFF30-2723-F79D-6CFF-761A54439016}.Debug|Any CPU.Build.0 = Debug|Any CPU
		{E49CFF30-2723-F79D-6CFF-761A54439016}.Release|Any CPU.ActiveCfg = Release|Any CPU
		{E49CFF30-2723-F79D-6CFF-761A54439016}.Release|Any CPU.Build.0 = Release|Any CPU
		{1A1DDE0A-20E8-D77A-5EB5-00CC86F0B4C4}.Debug|Any CPU.ActiveCfg = Debug|Any CPU
		{1A1DDE0A-20E8-D77A-5EB5-00CC86F0B4C4}.Debug|Any CPU.Build.0 = Debug|Any CPU
		{1A1DDE0A-20E8-D77A-5EB5-00CC86F0B4C4}.Release|Any CPU.ActiveCfg = Release|Any CPU
		{1A1DDE0A-20E8-D77A-5EB5-00CC86F0B4C4}.Release|Any CPU.Build.0 = Release|Any CPU
		{5BDC24C3-2E53-CF5F-2DAE-A4E8CAFBC5F0}.Debug|Any CPU.ActiveCfg = Debug|Any CPU
		{5BDC24C3-2E53-CF5F-2DAE-A4E8CAFBC5F0}.Debug|Any CPU.Build.0 = Debug|Any CPU
		{5BDC24C3-2E53-CF5F-2DAE-A4E8CAFBC5F0}.Release|Any CPU.ActiveCfg = Release|Any CPU
		{5BDC24C3-2E53-CF5F-2DAE-A4E8CAFBC5F0}.Release|Any CPU.Build.0 = Release|Any CPU
		{EACFD682-05BB-7A5C-4043-0006848E9204}.Debug|Any CPU.ActiveCfg = Debug|Any CPU
		{EACFD682-05BB-7A5C-4043-0006848E9204}.Debug|Any CPU.Build.0 = Debug|Any CPU
		{EACFD682-05BB-7A5C-4043-0006848E9204}.Release|Any CPU.ActiveCfg = Release|Any CPU
		{EACFD682-05BB-7A5C-4043-0006848E9204}.Release|Any CPU.Build.0 = Release|Any CPU
		{CE274D18-4E0A-73BC-278A-C415715E59D2}.Debug|Any CPU.ActiveCfg = Debug|Any CPU
		{CE274D18-4E0A-73BC-278A-C415715E59D2}.Debug|Any CPU.Build.0 = Debug|Any CPU
		{CE274D18-4E0A-73BC-278A-C415715E59D2}.Release|Any CPU.ActiveCfg = Release|Any CPU
		{CE274D18-4E0A-73BC-278A-C415715E59D2}.Release|Any CPU.Build.0 = Release|Any CPU
		{2536ACEC-3BA6-8C56-E3B0-2D35BADA3CB3}.Debug|Any CPU.ActiveCfg = Debug|Any CPU
		{2536ACEC-3BA6-8C56-E3B0-2D35BADA3CB3}.Debug|Any CPU.Build.0 = Debug|Any CPU
		{2536ACEC-3BA6-8C56-E3B0-2D35BADA3CB3}.Release|Any CPU.ActiveCfg = Release|Any CPU
		{2536ACEC-3BA6-8C56-E3B0-2D35BADA3CB3}.Release|Any CPU.Build.0 = Release|Any CPU
		{5AB9B293-AE6C-F0E7-8D34-CF8CC9DC9D64}.Debug|Any CPU.ActiveCfg = Debug|Any CPU
		{5AB9B293-AE6C-F0E7-8D34-CF8CC9DC9D64}.Debug|Any CPU.Build.0 = Debug|Any CPU
		{5AB9B293-AE6C-F0E7-8D34-CF8CC9DC9D64}.Release|Any CPU.ActiveCfg = Release|Any CPU
		{5AB9B293-AE6C-F0E7-8D34-CF8CC9DC9D64}.Release|Any CPU.Build.0 = Release|Any CPU
		{45F6F50A-CB6B-93A2-7C13-9E205CD96760}.Debug|Any CPU.ActiveCfg = Debug|Any CPU
		{45F6F50A-CB6B-93A2-7C13-9E205CD96760}.Debug|Any CPU.Build.0 = Debug|Any CPU
		{45F6F50A-CB6B-93A2-7C13-9E205CD96760}.Release|Any CPU.ActiveCfg = Release|Any CPU
		{45F6F50A-CB6B-93A2-7C13-9E205CD96760}.Release|Any CPU.Build.0 = Release|Any CPU
		{58DBFBFA-4EF1-FCF7-DD43-E275A1B1E547}.Debug|Any CPU.ActiveCfg = Debug|Any CPU
		{58DBFBFA-4EF1-FCF7-DD43-E275A1B1E547}.Debug|Any CPU.Build.0 = Debug|Any CPU
		{58DBFBFA-4EF1-FCF7-DD43-E275A1B1E547}.Release|Any CPU.ActiveCfg = Release|Any CPU
		{58DBFBFA-4EF1-FCF7-DD43-E275A1B1E547}.Release|Any CPU.Build.0 = Release|Any CPU
		{606E9F79-2478-CCE7-7D81-ECC3FFE3D0B7}.Debug|Any CPU.ActiveCfg = Debug|Any CPU
		{606E9F79-2478-CCE7-7D81-ECC3FFE3D0B7}.Debug|Any CPU.Build.0 = Debug|Any CPU
		{606E9F79-2478-CCE7-7D81-ECC3FFE3D0B7}.Release|Any CPU.ActiveCfg = Release|Any CPU
		{606E9F79-2478-CCE7-7D81-ECC3FFE3D0B7}.Release|Any CPU.Build.0 = Release|Any CPU
		{511E30E9-A298-E6E4-EF6D-5D3BB5F5E2C1}.Debug|Any CPU.ActiveCfg = Debug|Any CPU
		{511E30E9-A298-E6E4-EF6D-5D3BB5F5E2C1}.Debug|Any CPU.Build.0 = Debug|Any CPU
		{511E30E9-A298-E6E4-EF6D-5D3BB5F5E2C1}.Release|Any CPU.ActiveCfg = Release|Any CPU
		{511E30E9-A298-E6E4-EF6D-5D3BB5F5E2C1}.Release|Any CPU.Build.0 = Release|Any CPU
		{7BF26BF2-E1AD-97EC-1112-10769F0272CC}.Debug|Any CPU.ActiveCfg = Debug|Any CPU
		{7BF26BF2-E1AD-97EC-1112-10769F0272CC}.Debug|Any CPU.Build.0 = Debug|Any CPU
		{7BF26BF2-E1AD-97EC-1112-10769F0272CC}.Release|Any CPU.ActiveCfg = Release|Any CPU
		{7BF26BF2-E1AD-97EC-1112-10769F0272CC}.Release|Any CPU.Build.0 = Release|Any CPU
		{48AB3383-5442-1654-C625-B49514EEED17}.Debug|Any CPU.ActiveCfg = Debug|Any CPU
		{48AB3383-5442-1654-C625-B49514EEED17}.Debug|Any CPU.Build.0 = Debug|Any CPU
		{48AB3383-5442-1654-C625-B49514EEED17}.Release|Any CPU.ActiveCfg = Release|Any CPU
		{48AB3383-5442-1654-C625-B49514EEED17}.Release|Any CPU.Build.0 = Release|Any CPU
		{EF02D1B4-4060-53EF-4780-9C3EF77B1490}.Debug|Any CPU.ActiveCfg = Debug|Any CPU
		{EF02D1B4-4060-53EF-4780-9C3EF77B1490}.Debug|Any CPU.Build.0 = Debug|Any CPU
		{EF02D1B4-4060-53EF-4780-9C3EF77B1490}.Release|Any CPU.ActiveCfg = Release|Any CPU
		{EF02D1B4-4060-53EF-4780-9C3EF77B1490}.Release|Any CPU.Build.0 = Release|Any CPU
		{41DF1A4B-36B8-A353-053F-43236F429911}.Debug|Any CPU.ActiveCfg = Debug|Any CPU
		{41DF1A4B-36B8-A353-053F-43236F429911}.Debug|Any CPU.Build.0 = Debug|Any CPU
		{41DF1A4B-36B8-A353-053F-43236F429911}.Release|Any CPU.ActiveCfg = Release|Any CPU
		{41DF1A4B-36B8-A353-053F-43236F429911}.Release|Any CPU.Build.0 = Release|Any CPU
		{176AB7A1-FB47-E980-73A4-B0AA0C42CE59}.Debug|Any CPU.ActiveCfg = Debug|Any CPU
		{176AB7A1-FB47-E980-73A4-B0AA0C42CE59}.Debug|Any CPU.Build.0 = Debug|Any CPU
		{176AB7A1-FB47-E980-73A4-B0AA0C42CE59}.Release|Any CPU.ActiveCfg = Release|Any CPU
		{176AB7A1-FB47-E980-73A4-B0AA0C42CE59}.Release|Any CPU.Build.0 = Release|Any CPU
		{E17C1D96-CDD1-E9D9-C82E-2AA042E9DBD3}.Debug|Any CPU.ActiveCfg = Debug|Any CPU
		{E17C1D96-CDD1-E9D9-C82E-2AA042E9DBD3}.Debug|Any CPU.Build.0 = Debug|Any CPU
		{E17C1D96-CDD1-E9D9-C82E-2AA042E9DBD3}.Release|Any CPU.ActiveCfg = Release|Any CPU
		{E17C1D96-CDD1-E9D9-C82E-2AA042E9DBD3}.Release|Any CPU.Build.0 = Release|Any CPU
		{FE9436E4-6600-C1EE-72CC-7E734BBC06C0}.Debug|Any CPU.ActiveCfg = Debug|Any CPU
		{FE9436E4-6600-C1EE-72CC-7E734BBC06C0}.Debug|Any CPU.Build.0 = Debug|Any CPU
		{FE9436E4-6600-C1EE-72CC-7E734BBC06C0}.Release|Any CPU.ActiveCfg = Release|Any CPU
		{FE9436E4-6600-C1EE-72CC-7E734BBC06C0}.Release|Any CPU.Build.0 = Release|Any CPU
		{2196B501-30FE-549C-A7A8-9A060DBCF361}.Debug|Any CPU.ActiveCfg = Debug|Any CPU
		{2196B501-30FE-549C-A7A8-9A060DBCF361}.Debug|Any CPU.Build.0 = Debug|Any CPU
		{2196B501-30FE-549C-A7A8-9A060DBCF361}.Release|Any CPU.ActiveCfg = Release|Any CPU
		{2196B501-30FE-549C-A7A8-9A060DBCF361}.Release|Any CPU.Build.0 = Release|Any CPU
		{D02C1444-942E-76D8-CBEB-30ADADC701CC}.Debug|Any CPU.ActiveCfg = Debug|Any CPU
		{D02C1444-942E-76D8-CBEB-30ADADC701CC}.Debug|Any CPU.Build.0 = Debug|Any CPU
		{D02C1444-942E-76D8-CBEB-30ADADC701CC}.Release|Any CPU.ActiveCfg = Release|Any CPU
		{D02C1444-942E-76D8-CBEB-30ADADC701CC}.Release|Any CPU.Build.0 = Release|Any CPU
		{1CF38E45-C113-89E4-7C08-E3D5759DCC60}.Debug|Any CPU.ActiveCfg = Debug|Any CPU
		{1CF38E45-C113-89E4-7C08-E3D5759DCC60}.Debug|Any CPU.Build.0 = Debug|Any CPU
		{1CF38E45-C113-89E4-7C08-E3D5759DCC60}.Release|Any CPU.ActiveCfg = Release|Any CPU
		{1CF38E45-C113-89E4-7C08-E3D5759DCC60}.Release|Any CPU.Build.0 = Release|Any CPU
		{09EA0FDE-7059-A639-60EF-1A39E6169517}.Debug|Any CPU.ActiveCfg = Debug|Any CPU
		{09EA0FDE-7059-A639-60EF-1A39E6169517}.Debug|Any CPU.Build.0 = Debug|Any CPU
		{09EA0FDE-7059-A639-60EF-1A39E6169517}.Release|Any CPU.ActiveCfg = Release|Any CPU
		{09EA0FDE-7059-A639-60EF-1A39E6169517}.Release|Any CPU.Build.0 = Release|Any CPU
		{FF802570-49DE-A227-DEEA-6B42939C45D8}.Debug|Any CPU.ActiveCfg = Debug|Any CPU
		{FF802570-49DE-A227-DEEA-6B42939C45D8}.Debug|Any CPU.Build.0 = Debug|Any CPU
		{FF802570-49DE-A227-DEEA-6B42939C45D8}.Release|Any CPU.ActiveCfg = Release|Any CPU
		{FF802570-49DE-A227-DEEA-6B42939C45D8}.Release|Any CPU.Build.0 = Release|Any CPU
		{0C5DD320-DC83-72B8-7128-DCB8F4249C94}.Debug|Any CPU.ActiveCfg = Debug|Any CPU
		{0C5DD320-DC83-72B8-7128-DCB8F4249C94}.Debug|Any CPU.Build.0 = Debug|Any CPU
		{0C5DD320-DC83-72B8-7128-DCB8F4249C94}.Release|Any CPU.ActiveCfg = Release|Any CPU
		{0C5DD320-DC83-72B8-7128-DCB8F4249C94}.Release|Any CPU.Build.0 = Release|Any CPU
		{63CAF0B5-3CC7-57D2-B979-2D2D4344F760}.Debug|Any CPU.ActiveCfg = Debug|Any CPU
		{63CAF0B5-3CC7-57D2-B979-2D2D4344F760}.Debug|Any CPU.Build.0 = Debug|Any CPU
		{63CAF0B5-3CC7-57D2-B979-2D2D4344F760}.Release|Any CPU.ActiveCfg = Release|Any CPU
		{63CAF0B5-3CC7-57D2-B979-2D2D4344F760}.Release|Any CPU.Build.0 = Release|Any CPU
		{DDB62DFC-ACA2-AF1D-F123-28A643C24058}.Debug|Any CPU.ActiveCfg = Debug|Any CPU
		{DDB62DFC-ACA2-AF1D-F123-28A643C24058}.Debug|Any CPU.Build.0 = Debug|Any CPU
		{DDB62DFC-ACA2-AF1D-F123-28A643C24058}.Release|Any CPU.ActiveCfg = Release|Any CPU
		{DDB62DFC-ACA2-AF1D-F123-28A643C24058}.Release|Any CPU.Build.0 = Release|Any CPU
		{1C7F5CA3-D782-5DD6-8FC9-4EE0185EC8EE}.Debug|Any CPU.ActiveCfg = Debug|Any CPU
		{1C7F5CA3-D782-5DD6-8FC9-4EE0185EC8EE}.Debug|Any CPU.Build.0 = Debug|Any CPU
		{1C7F5CA3-D782-5DD6-8FC9-4EE0185EC8EE}.Release|Any CPU.ActiveCfg = Release|Any CPU
		{1C7F5CA3-D782-5DD6-8FC9-4EE0185EC8EE}.Release|Any CPU.Build.0 = Release|Any CPU
		{2F3D871B-B319-AB1C-9F44-CBC624306029}.Debug|Any CPU.ActiveCfg = Debug|Any CPU
		{2F3D871B-B319-AB1C-9F44-CBC624306029}.Debug|Any CPU.Build.0 = Debug|Any CPU
		{2F3D871B-B319-AB1C-9F44-CBC624306029}.Release|Any CPU.ActiveCfg = Release|Any CPU
		{2F3D871B-B319-AB1C-9F44-CBC624306029}.Release|Any CPU.Build.0 = Release|Any CPU
		{248A8BF1-ED39-1822-EE64-5DEF83364AD9}.Debug|Any CPU.ActiveCfg = Debug|Any CPU
		{248A8BF1-ED39-1822-EE64-5DEF83364AD9}.Debug|Any CPU.Build.0 = Debug|Any CPU
		{248A8BF1-ED39-1822-EE64-5DEF83364AD9}.Release|Any CPU.ActiveCfg = Release|Any CPU
		{248A8BF1-ED39-1822-EE64-5DEF83364AD9}.Release|Any CPU.Build.0 = Release|Any CPU
		{7DF43908-5160-E801-5A74-A0F7A7568F48}.Debug|Any CPU.ActiveCfg = Debug|Any CPU
		{7DF43908-5160-E801-5A74-A0F7A7568F48}.Debug|Any CPU.Build.0 = Debug|Any CPU
		{7DF43908-5160-E801-5A74-A0F7A7568F48}.Release|Any CPU.ActiveCfg = Release|Any CPU
		{7DF43908-5160-E801-5A74-A0F7A7568F48}.Release|Any CPU.Build.0 = Release|Any CPU
		{FAC27807-3E6F-5128-B3CA-81A4BE55B7BF}.Debug|Any CPU.ActiveCfg = Debug|Any CPU
		{FAC27807-3E6F-5128-B3CA-81A4BE55B7BF}.Debug|Any CPU.Build.0 = Debug|Any CPU
		{FAC27807-3E6F-5128-B3CA-81A4BE55B7BF}.Release|Any CPU.ActiveCfg = Release|Any CPU
		{FAC27807-3E6F-5128-B3CA-81A4BE55B7BF}.Release|Any CPU.Build.0 = Release|Any CPU
		{BD4C9427-5F7D-2043-24FE-4FFCA7AD4FEA}.Debug|Any CPU.ActiveCfg = Debug|Any CPU
		{BD4C9427-5F7D-2043-24FE-4FFCA7AD4FEA}.Debug|Any CPU.Build.0 = Debug|Any CPU
		{BD4C9427-5F7D-2043-24FE-4FFCA7AD4FEA}.Release|Any CPU.ActiveCfg = Release|Any CPU
		{BD4C9427-5F7D-2043-24FE-4FFCA7AD4FEA}.Release|Any CPU.Build.0 = Release|Any CPU
		{274D22EB-AD2F-0E39-DC78-FA3ADD57E432}.Debug|Any CPU.ActiveCfg = Debug|Any CPU
		{274D22EB-AD2F-0E39-DC78-FA3ADD57E432}.Debug|Any CPU.Build.0 = Debug|Any CPU
		{274D22EB-AD2F-0E39-DC78-FA3ADD57E432}.Release|Any CPU.ActiveCfg = Release|Any CPU
		{274D22EB-AD2F-0E39-DC78-FA3ADD57E432}.Release|Any CPU.Build.0 = Release|Any CPU
		{DEC9F24A-F5B0-4406-6487-3BBA0838ECB8}.Debug|Any CPU.ActiveCfg = Debug|Any CPU
		{DEC9F24A-F5B0-4406-6487-3BBA0838ECB8}.Debug|Any CPU.Build.0 = Debug|Any CPU
		{DEC9F24A-F5B0-4406-6487-3BBA0838ECB8}.Release|Any CPU.ActiveCfg = Release|Any CPU
		{DEC9F24A-F5B0-4406-6487-3BBA0838ECB8}.Release|Any CPU.Build.0 = Release|Any CPU
		{D5810DB9-2CF6-1772-0DB1-352DE4072F94}.Debug|Any CPU.ActiveCfg = Debug|Any CPU
		{D5810DB9-2CF6-1772-0DB1-352DE4072F94}.Debug|Any CPU.Build.0 = Debug|Any CPU
		{D5810DB9-2CF6-1772-0DB1-352DE4072F94}.Release|Any CPU.ActiveCfg = Release|Any CPU
		{D5810DB9-2CF6-1772-0DB1-352DE4072F94}.Release|Any CPU.Build.0 = Release|Any CPU
		{A77A2BF7-BC45-2A59-E4C4-53D2679F1EB4}.Debug|Any CPU.ActiveCfg = Debug|Any CPU
		{A77A2BF7-BC45-2A59-E4C4-53D2679F1EB4}.Debug|Any CPU.Build.0 = Debug|Any CPU
		{A77A2BF7-BC45-2A59-E4C4-53D2679F1EB4}.Release|Any CPU.ActiveCfg = Release|Any CPU
		{A77A2BF7-BC45-2A59-E4C4-53D2679F1EB4}.Release|Any CPU.Build.0 = Release|Any CPU
		{EE7AD893-CD72-879E-9AB7-6C0128695C44}.Debug|Any CPU.ActiveCfg = Debug|Any CPU
		{EE7AD893-CD72-879E-9AB7-6C0128695C44}.Debug|Any CPU.Build.0 = Debug|Any CPU
		{EE7AD893-CD72-879E-9AB7-6C0128695C44}.Release|Any CPU.ActiveCfg = Release|Any CPU
		{EE7AD893-CD72-879E-9AB7-6C0128695C44}.Release|Any CPU.Build.0 = Release|Any CPU
		{03684BF6-B3E3-FCA8-6F15-DE59F5A689CE}.Debug|Any CPU.ActiveCfg = Debug|Any CPU
		{03684BF6-B3E3-FCA8-6F15-DE59F5A689CE}.Debug|Any CPU.Build.0 = Debug|Any CPU
		{03684BF6-B3E3-FCA8-6F15-DE59F5A689CE}.Release|Any CPU.ActiveCfg = Release|Any CPU
		{03684BF6-B3E3-FCA8-6F15-DE59F5A689CE}.Release|Any CPU.Build.0 = Release|Any CPU
		{489A1446-B5D7-DC29-E746-87FC2AA56976}.Debug|Any CPU.ActiveCfg = Debug|Any CPU
		{489A1446-B5D7-DC29-E746-87FC2AA56976}.Debug|Any CPU.Build.0 = Debug|Any CPU
		{489A1446-B5D7-DC29-E746-87FC2AA56976}.Release|Any CPU.ActiveCfg = Release|Any CPU
		{489A1446-B5D7-DC29-E746-87FC2AA56976}.Release|Any CPU.Build.0 = Release|Any CPU
		{06DE27A0-9A35-8702-5E11-E3717F34B902}.Debug|Any CPU.ActiveCfg = Debug|Any CPU
		{06DE27A0-9A35-8702-5E11-E3717F34B902}.Debug|Any CPU.Build.0 = Debug|Any CPU
		{06DE27A0-9A35-8702-5E11-E3717F34B902}.Release|Any CPU.ActiveCfg = Release|Any CPU
		{06DE27A0-9A35-8702-5E11-E3717F34B902}.Release|Any CPU.Build.0 = Release|Any CPU
		{09C22F61-D606-DDE0-D125-DE5ED1FC1183}.Debug|Any CPU.ActiveCfg = Debug|Any CPU
		{09C22F61-D606-DDE0-D125-DE5ED1FC1183}.Debug|Any CPU.Build.0 = Debug|Any CPU
		{09C22F61-D606-DDE0-D125-DE5ED1FC1183}.Release|Any CPU.ActiveCfg = Release|Any CPU
		{09C22F61-D606-DDE0-D125-DE5ED1FC1183}.Release|Any CPU.Build.0 = Release|Any CPU
		{AA451CA0-6B07-AC03-8080-AE0C4EABA299}.Debug|Any CPU.ActiveCfg = Debug|Any CPU
		{AA451CA0-6B07-AC03-8080-AE0C4EABA299}.Debug|Any CPU.Build.0 = Debug|Any CPU
		{AA451CA0-6B07-AC03-8080-AE0C4EABA299}.Release|Any CPU.ActiveCfg = Release|Any CPU
		{AA451CA0-6B07-AC03-8080-AE0C4EABA299}.Release|Any CPU.Build.0 = Release|Any CPU
		{30619FDE-A8AB-3FA3-5D0A-DE6D3E06A9F4}.Debug|Any CPU.ActiveCfg = Debug|Any CPU
		{30619FDE-A8AB-3FA3-5D0A-DE6D3E06A9F4}.Debug|Any CPU.Build.0 = Debug|Any CPU
		{30619FDE-A8AB-3FA3-5D0A-DE6D3E06A9F4}.Release|Any CPU.ActiveCfg = Release|Any CPU
		{30619FDE-A8AB-3FA3-5D0A-DE6D3E06A9F4}.Release|Any CPU.Build.0 = Release|Any CPU
		{E1DC2097-8E20-3583-09AF-84492E1D2A9A}.Debug|Any CPU.ActiveCfg = Debug|Any CPU
		{E1DC2097-8E20-3583-09AF-84492E1D2A9A}.Debug|Any CPU.Build.0 = Debug|Any CPU
		{E1DC2097-8E20-3583-09AF-84492E1D2A9A}.Release|Any CPU.ActiveCfg = Release|Any CPU
		{E1DC2097-8E20-3583-09AF-84492E1D2A9A}.Release|Any CPU.Build.0 = Release|Any CPU
		{EAC09B10-D16E-73F1-8304-609E4A00F6B4}.Debug|Any CPU.ActiveCfg = Debug|Any CPU
		{EAC09B10-D16E-73F1-8304-609E4A00F6B4}.Debug|Any CPU.Build.0 = Debug|Any CPU
		{EAC09B10-D16E-73F1-8304-609E4A00F6B4}.Release|Any CPU.ActiveCfg = Release|Any CPU
		{EAC09B10-D16E-73F1-8304-609E4A00F6B4}.Release|Any CPU.Build.0 = Release|Any CPU
		{0A61DA68-FBD9-F560-B4AA-A09432FCFB51}.Debug|Any CPU.ActiveCfg = Debug|Any CPU
		{0A61DA68-FBD9-F560-B4AA-A09432FCFB51}.Debug|Any CPU.Build.0 = Debug|Any CPU
		{0A61DA68-FBD9-F560-B4AA-A09432FCFB51}.Release|Any CPU.ActiveCfg = Release|Any CPU
		{0A61DA68-FBD9-F560-B4AA-A09432FCFB51}.Release|Any CPU.Build.0 = Release|Any CPU
		{709DF9D2-CDC5-E1A1-BC80-DE33A1C470F7}.Debug|Any CPU.ActiveCfg = Debug|Any CPU
		{709DF9D2-CDC5-E1A1-BC80-DE33A1C470F7}.Debug|Any CPU.Build.0 = Debug|Any CPU
		{709DF9D2-CDC5-E1A1-BC80-DE33A1C470F7}.Release|Any CPU.ActiveCfg = Release|Any CPU
		{709DF9D2-CDC5-E1A1-BC80-DE33A1C470F7}.Release|Any CPU.Build.0 = Release|Any CPU
		{443905B2-1C24-A68E-D909-1578C398CFF2}.Debug|Any CPU.ActiveCfg = Debug|Any CPU
		{443905B2-1C24-A68E-D909-1578C398CFF2}.Debug|Any CPU.Build.0 = Debug|Any CPU
		{443905B2-1C24-A68E-D909-1578C398CFF2}.Release|Any CPU.ActiveCfg = Release|Any CPU
		{443905B2-1C24-A68E-D909-1578C398CFF2}.Release|Any CPU.Build.0 = Release|Any CPU
		{E5A5A5BF-4E81-9699-9961-8B8776EAB8FB}.Debug|Any CPU.ActiveCfg = Debug|Any CPU
		{E5A5A5BF-4E81-9699-9961-8B8776EAB8FB}.Debug|Any CPU.Build.0 = Debug|Any CPU
		{E5A5A5BF-4E81-9699-9961-8B8776EAB8FB}.Release|Any CPU.ActiveCfg = Release|Any CPU
		{E5A5A5BF-4E81-9699-9961-8B8776EAB8FB}.Release|Any CPU.Build.0 = Release|Any CPU
		{A9AA1DAE-3F7B-9323-1995-E6D5EEF9B9AF}.Debug|Any CPU.ActiveCfg = Debug|Any CPU
		{A9AA1DAE-3F7B-9323-1995-E6D5EEF9B9AF}.Debug|Any CPU.Build.0 = Debug|Any CPU
		{A9AA1DAE-3F7B-9323-1995-E6D5EEF9B9AF}.Release|Any CPU.ActiveCfg = Release|Any CPU
		{A9AA1DAE-3F7B-9323-1995-E6D5EEF9B9AF}.Release|Any CPU.Build.0 = Release|Any CPU
		{993D7232-0EA0-ED78-6604-828A5130F508}.Debug|Any CPU.ActiveCfg = Debug|Any CPU
		{993D7232-0EA0-ED78-6604-828A5130F508}.Debug|Any CPU.Build.0 = Debug|Any CPU
		{993D7232-0EA0-ED78-6604-828A5130F508}.Release|Any CPU.ActiveCfg = Release|Any CPU
		{993D7232-0EA0-ED78-6604-828A5130F508}.Release|Any CPU.Build.0 = Release|Any CPU
		{C8373F79-7208-8191-BD46-ACC1EC92B914}.Debug|Any CPU.ActiveCfg = Debug|Any CPU
		{C8373F79-7208-8191-BD46-ACC1EC92B914}.Debug|Any CPU.Build.0 = Debug|Any CPU
		{C8373F79-7208-8191-BD46-ACC1EC92B914}.Release|Any CPU.ActiveCfg = Release|Any CPU
		{C8373F79-7208-8191-BD46-ACC1EC92B914}.Release|Any CPU.Build.0 = Release|Any CPU
		{4B213731-81AD-7536-DE82-EA0F3A2E3E70}.Debug|Any CPU.ActiveCfg = Debug|Any CPU
		{4B213731-81AD-7536-DE82-EA0F3A2E3E70}.Debug|Any CPU.Build.0 = Debug|Any CPU
		{4B213731-81AD-7536-DE82-EA0F3A2E3E70}.Release|Any CPU.ActiveCfg = Release|Any CPU
		{4B213731-81AD-7536-DE82-EA0F3A2E3E70}.Release|Any CPU.Build.0 = Release|Any CPU
		{CF48C330-BC88-EA5F-5899-783C41A59CCE}.Debug|Any CPU.ActiveCfg = Debug|Any CPU
		{CF48C330-BC88-EA5F-5899-783C41A59CCE}.Debug|Any CPU.Build.0 = Debug|Any CPU
		{CF48C330-BC88-EA5F-5899-783C41A59CCE}.Release|Any CPU.ActiveCfg = Release|Any CPU
		{CF48C330-BC88-EA5F-5899-783C41A59CCE}.Release|Any CPU.Build.0 = Release|Any CPU
		{501520C8-A16D-1101-C2E7-92CE64BCFE70}.Debug|Any CPU.ActiveCfg = Debug|Any CPU
		{501520C8-A16D-1101-C2E7-92CE64BCFE70}.Debug|Any CPU.Build.0 = Debug|Any CPU
		{501520C8-A16D-1101-C2E7-92CE64BCFE70}.Release|Any CPU.ActiveCfg = Release|Any CPU
		{501520C8-A16D-1101-C2E7-92CE64BCFE70}.Release|Any CPU.Build.0 = Release|Any CPU
		{8BE0F10C-3729-1864-BF03-FC3E1597B473}.Debug|Any CPU.ActiveCfg = Debug|Any CPU
		{8BE0F10C-3729-1864-BF03-FC3E1597B473}.Debug|Any CPU.Build.0 = Debug|Any CPU
		{8BE0F10C-3729-1864-BF03-FC3E1597B473}.Release|Any CPU.ActiveCfg = Release|Any CPU
		{8BE0F10C-3729-1864-BF03-FC3E1597B473}.Release|Any CPU.Build.0 = Release|Any CPU
		{390388CC-7786-2F2A-15D9-96BB5CA31605}.Debug|Any CPU.ActiveCfg = Debug|Any CPU
		{390388CC-7786-2F2A-15D9-96BB5CA31605}.Debug|Any CPU.Build.0 = Debug|Any CPU
		{390388CC-7786-2F2A-15D9-96BB5CA31605}.Release|Any CPU.ActiveCfg = Release|Any CPU
		{390388CC-7786-2F2A-15D9-96BB5CA31605}.Release|Any CPU.Build.0 = Release|Any CPU
		{EAAC468A-0160-06CE-0278-B23717C912BE}.Debug|Any CPU.ActiveCfg = Debug|Any CPU
		{EAAC468A-0160-06CE-0278-B23717C912BE}.Debug|Any CPU.Build.0 = Debug|Any CPU
		{EAAC468A-0160-06CE-0278-B23717C912BE}.Release|Any CPU.ActiveCfg = Release|Any CPU
		{EAAC468A-0160-06CE-0278-B23717C912BE}.Release|Any CPU.Build.0 = Release|Any CPU
		{34063E43-7EF2-D5C8-169A-CBAFE0C6C094}.Debug|Any CPU.ActiveCfg = Debug|Any CPU
		{34063E43-7EF2-D5C8-169A-CBAFE0C6C094}.Debug|Any CPU.Build.0 = Debug|Any CPU
		{34063E43-7EF2-D5C8-169A-CBAFE0C6C094}.Release|Any CPU.ActiveCfg = Release|Any CPU
		{34063E43-7EF2-D5C8-169A-CBAFE0C6C094}.Release|Any CPU.Build.0 = Release|Any CPU
		{11C5896C-F7D1-513E-E21B-B5B6A47B7603}.Debug|Any CPU.ActiveCfg = Debug|Any CPU
		{11C5896C-F7D1-513E-E21B-B5B6A47B7603}.Debug|Any CPU.Build.0 = Debug|Any CPU
		{11C5896C-F7D1-513E-E21B-B5B6A47B7603}.Release|Any CPU.ActiveCfg = Release|Any CPU
		{11C5896C-F7D1-513E-E21B-B5B6A47B7603}.Release|Any CPU.Build.0 = Release|Any CPU
		{460404F7-4CC1-792D-D30D-BA08BD65929A}.Debug|Any CPU.ActiveCfg = Debug|Any CPU
		{460404F7-4CC1-792D-D30D-BA08BD65929A}.Debug|Any CPU.Build.0 = Debug|Any CPU
		{460404F7-4CC1-792D-D30D-BA08BD65929A}.Release|Any CPU.ActiveCfg = Release|Any CPU
		{460404F7-4CC1-792D-D30D-BA08BD65929A}.Release|Any CPU.Build.0 = Release|Any CPU
		{F7742C6D-5456-320F-C2D9-D347001D7FF5}.Debug|Any CPU.ActiveCfg = Debug|Any CPU
		{F7742C6D-5456-320F-C2D9-D347001D7FF5}.Debug|Any CPU.Build.0 = Debug|Any CPU
		{F7742C6D-5456-320F-C2D9-D347001D7FF5}.Release|Any CPU.ActiveCfg = Release|Any CPU
		{F7742C6D-5456-320F-C2D9-D347001D7FF5}.Release|Any CPU.Build.0 = Release|Any CPU
		{A012FDB8-76B6-BA81-A36B-349A024389A2}.Debug|Any CPU.ActiveCfg = Debug|Any CPU
		{A012FDB8-76B6-BA81-A36B-349A024389A2}.Debug|Any CPU.Build.0 = Debug|Any CPU
		{A012FDB8-76B6-BA81-A36B-349A024389A2}.Release|Any CPU.ActiveCfg = Release|Any CPU
		{A012FDB8-76B6-BA81-A36B-349A024389A2}.Release|Any CPU.Build.0 = Release|Any CPU
	EndGlobalSection
	GlobalSection(SolutionProperties) = preSolution
		HideSolutionNode = FALSE
	EndGlobalSection
EndGlobal
