
Microsoft Visual Studio Solution File, Format Version 12.00
# Visual Studio 15
Project("{FAE04EC0-301F-11D3-BF4B-00C04F79EFBC}") = "UnityEngine.UI", "UnityEngine.UI.csproj", "{A4AE7A8E-039C-D2A6-BC81-6779E2483FAC}"
EndProject
Project("{FAE04EC0-301F-11D3-BF4B-00C04F79EFBC}") = "UnityEngine.TestRunner", "UnityEngine.TestRunner.csproj", "{921BBC84-AEE5-5F41-1771-5897F35A39F2}"
EndProject
Project("{FAE04EC0-301F-11D3-BF4B-00C04F79EFBC}") = "Unity.VisualScripting.Flow", "Unity.VisualScripting.Flow.csproj", "{830699A7-1CB3-7457-8BAD-A7275C142695}"
EndProject
Project("{FAE04EC0-301F-11D3-BF4B-00C04F79EFBC}") = "Unity.Mathematics", "Unity.Mathematics.csproj", "{50E136ED-811D-B7C4-E612-6A0D5EE570BF}"
EndProject
Project("{FAE04EC0-301F-11D3-BF4B-00C04F79EFBC}") = "Unity.VisualScripting.State", "Unity.VisualScripting.State.csproj", "{4000BB2F-6A27-ABBB-FFFB-DBD6917585A4}"
EndProject
Project("{FAE04EC0-301F-11D3-BF4B-00C04F79EFBC}") = "Unity.VisualScripting.Core", "Unity.VisualScripting.Core.csproj", "{9B68368E-CDC8-A14D-6B7B-3110DC339E9C}"
EndProject
Project("{FAE04EC0-301F-11D3-BF4B-00C04F79EFBC}") = "Unity.Burst", "Unity.Burst.csproj", "{2F1FDB87-0F72-3B40-4D05-2CDDCDC927E1}"
EndProject
Project("{FAE04EC0-301F-11D3-BF4B-00C04F79EFBC}") = "Unity.2D.Animation.Runtime", "Unity.2D.Animation.Runtime.csproj", "{B9E8AC16-7B80-9544-D2C8-8B2AD8386171}"
EndProject
Project("{FAE04EC0-301F-11D3-BF4B-00C04F79EFBC}") = "Unity.TextMeshPro", "Unity.TextMeshPro.csproj", "{F6884E50-08EF-329D-246C-0EA646368EC1}"
EndProject
Project("{FAE04EC0-301F-11D3-BF4B-00C04F79EFBC}") = "Tweener", "Tweener.csproj", "{88B93DF1-E871-0182-E8B5-2DCCBDA906C3}"
EndProject
Project("{FAE04EC0-301F-11D3-BF4B-00C04F79EFBC}") = "Assembly-CSharp", "Assembly-CSharp.csproj", "{B34E780E-8F1E-ECBE-2A4C-5C9CC05B7609}"
EndProject
Project("{FAE04EC0-301F-11D3-BF4B-00C04F79EFBC}") = "Unity.Timeline", "Unity.Timeline.csproj", "{1ACA19B7-C708-C689-52A2-1D4413C0D822}"
EndProject
Project("{FAE04EC0-301F-11D3-BF4B-00C04F79EFBC}") = "Unity.2D.SpriteShape.Runtime", "Unity.2D.SpriteShape.Runtime.csproj", "{BFD05E31-AA7E-2396-CA55-443948BA89D7}"
EndProject
Project("{FAE04EC0-301F-11D3-BF4B-00C04F79EFBC}") = "Unity.2D.PixelPerfect", "Unity.2D.PixelPerfect.csproj", "{4CE0D933-DB12-A62F-2076-0C123AB53FD2}"
EndProject
Project("{FAE04EC0-301F-11D3-BF4B-00C04F79EFBC}") = "Unity.2D.Common.Runtime", "Unity.2D.Common.Runtime.csproj", "{05C658DE-77A9-54A3-7D5B-630A80BC92E6}"
EndProject
Project("{FAE04EC0-301F-11D3-BF4B-00C04F79EFBC}") = "Unity.2D.IK.Runtime", "Unity.2D.IK.Runtime.csproj", "{4CF774C2-CADB-68AE-635B-57B5D5786ABF}"
EndProject
Project("{FAE04EC0-301F-11D3-BF4B-00C04F79EFBC}") = "Unity.2D.Tilemap.Extras", "Unity.2D.Tilemap.Extras.csproj", "{DB18314B-6B4E-7C1F-118D-C618F91C021C}"
EndProject
Project("{FAE04EC0-301F-11D3-BF4B-00C04F79EFBC}") = "Unity.InternalAPIEngineBridge.001", "Unity.InternalAPIEngineBridge.001.csproj", "{77948CF2-E31A-E0ED-AA47-E676BCEAAA0C}"
EndProject
Project("{FAE04EC0-301F-11D3-BF4B-00C04F79EFBC}") = "Unity.PlasticSCM.Editor", "Unity.PlasticSCM.Editor.csproj", "{DC5AD7E2-8A18-A4B5-4E9B-DC677C70AD20}"
EndProject
Project("{FAE04EC0-301F-11D3-BF4B-00C04F79EFBC}") = "Unity.VisualScripting.Core.Editor", "Unity.VisualScripting.Core.Editor.csproj", "{26A2A9CA-B521-B77B-6708-04170A90B1E2}"
EndProject
Project("{FAE04EC0-301F-11D3-BF4B-00C04F79EFBC}") = "Unity.VisualScripting.Flow.Editor", "Unity.VisualScripting.Flow.Editor.csproj", "{41E698B2-EB24-0DC2-CD1B-9DC7844D85CC}"
EndProject
Project("{FAE04EC0-301F-11D3-BF4B-00C04F79EFBC}") = "Unity.VisualStudio.Editor", "Unity.VisualStudio.Editor.csproj", "{7EE1E585-D591-A14A-4973-2E6342CAC175}"
EndProject
Project("{FAE04EC0-301F-11D3-BF4B-00C04F79EFBC}") = "Unity.Timeline.Editor", "Unity.Timeline.Editor.csproj", "{3FB0DA63-01F5-E759-81A7-245894F916DC}"
EndProject
Project("{FAE04EC0-301F-11D3-BF4B-00C04F79EFBC}") = "Unity.VisualScripting.State.Editor", "Unity.VisualScripting.State.Editor.csproj", "{79AD3E76-7161-78A7-8316-803FAA6920C5}"
EndProject
Project("{FAE04EC0-301F-11D3-BF4B-00C04F79EFBC}") = "Unity.TextMeshPro.Editor", "Unity.TextMeshPro.Editor.csproj", "{9F30E4B2-63F8-D435-19A3-A0D75CED3DDD}"
EndProject
Project("{FAE04EC0-301F-11D3-BF4B-00C04F79EFBC}") = "Unity.2D.PixelPerfect.Editor", "Unity.2D.PixelPerfect.Editor.csproj", "{772C3A5A-61CD-823A-71C5-4FE014AD78B5}"
EndProject
Project("{FAE04EC0-301F-11D3-BF4B-00C04F79EFBC}") = "Unity.2D.Animation.Editor", "Unity.2D.Animation.Editor.csproj", "{F2D1D516-0CC9-5E51-64C8-E86C6D649097}"
EndProject
Project("{FAE04EC0-301F-11D3-BF4B-00C04F79EFBC}") = "Unity.VisualScripting.SettingsProvider.Editor", "Unity.VisualScripting.SettingsProvider.Editor.csproj", "{1F2CEDB6-6A4B-81C5-8D0B-FE85001E4EF5}"
EndProject
Project("{FAE04EC0-301F-11D3-BF4B-00C04F79EFBC}") = "Unity.2D.Psdimporter.Editor", "Unity.2D.Psdimporter.Editor.csproj", "{F78444CB-CAA0-3FF2-1223-C2BDB6F22554}"
EndProject
Project("{FAE04EC0-301F-11D3-BF4B-00C04F79EFBC}") = "UnityEditor.TestRunner", "UnityEditor.TestRunner.csproj", "{B5EA28D4-796F-60B2-B1E4-BF7AE5EFDC6D}"
EndProject
Project("{FAE04EC0-301F-11D3-BF4B-00C04F79EFBC}") = "Unity.2D.Tilemap.Editor", "Unity.2D.Tilemap.Editor.csproj", "{33ED6479-E652-D0E0-F78F-6F8D2443F7A6}"
EndProject
Project("{FAE04EC0-301F-11D3-BF4B-00C04F79EFBC}") = "Unity.Rider.Editor", "Unity.Rider.Editor.csproj", "{5104BF1C-2919-69C2-866A-8AB80669DC9F}"
EndProject
Project("{FAE04EC0-301F-11D3-BF4B-00C04F79EFBC}") = "Unity.2D.Path.Editor", "Unity.2D.Path.Editor.csproj", "{A0A0800D-BE47-B36A-A5D4-0B22C9D2E0EF}"
EndProject
Project("{FAE04EC0-301F-11D3-BF4B-00C04F79EFBC}") = "PsdPlugin", "PsdPlugin.csproj", "{391EB990-01E2-450E-877E-782767E36659}"
EndProject
Project("{FAE04EC0-301F-11D3-BF4B-00C04F79EFBC}") = "Unity.2D.IK.Editor", "Unity.2D.IK.Editor.csproj", "{FE3BBE29-4786-A9B7-63CD-AC2B0421DC30}"
EndProject
Project("{FAE04EC0-301F-11D3-BF4B-00C04F79EFBC}") = "Unity.2D.SpriteShape.Editor", "Unity.2D.SpriteShape.Editor.csproj", "{5AEE9E90-31F8-7B9D-7224-22C6CC190EFC}"
EndProject
Project("{FAE04EC0-301F-11D3-BF4B-00C04F79EFBC}") = "Unity.Burst.CodeGen", "Unity.Burst.CodeGen.csproj", "{4D6DCC70-B195-F41F-F242-69C694557112}"
EndProject
Project("{FAE04EC0-301F-11D3-BF4B-00C04F79EFBC}") = "Unity.VSCode.Editor", "Unity.VSCode.Editor.csproj", "{C4CC37A3-ECC0-2C9D-490B-A22B0CBDE03A}"
EndProject
Project("{FAE04EC0-301F-11D3-BF4B-00C04F79EFBC}") = "Unity.2D.Sprite.Editor", "Unity.2D.Sprite.Editor.csproj", "{5E8B619C-56F1-D1FE-545D-6A43E580C52A}"
EndProject
Project("{FAE04EC0-301F-11D3-BF4B-00C04F79EFBC}") = "UnityEditor.UI", "UnityEditor.UI.csproj", "{514C7EE3-97A4-688A-3684-0F22D4690A0E}"
EndProject
Project("{FAE04EC0-301F-11D3-BF4B-00C04F79EFBC}") = "Unity.2D.Common.Editor", "Unity.2D.Common.Editor.csproj", "{9C9A476D-29FB-FC56-6F58-5B5D963FBDE0}"
EndProject
Project("{FAE04EC0-301F-11D3-BF4B-00C04F79EFBC}") = "Unity.CollabProxy.Editor", "Unity.CollabProxy.Editor.csproj", "{F3D3F327-F932-38FB-B67F-9F0B62708A91}"
EndProject
Project("{FAE04EC0-301F-11D3-BF4B-00C04F79EFBC}") = "Unity.Mathematics.Editor", "Unity.Mathematics.Editor.csproj", "{8727B6D1-833E-F372-6F5B-2BC962B9CFA2}"
EndProject
Project("{FAE04EC0-301F-11D3-BF4B-00C04F79EFBC}") = "Unity.2D.Tilemap.Extras.Editor", "Unity.2D.Tilemap.Extras.Editor.csproj", "{B035BA52-E24C-4AAD-189F-3378EE1A66B5}"
EndProject
Project("{FAE04EC0-301F-11D3-BF4B-00C04F79EFBC}") = "Unity.Burst.Editor", "Unity.Burst.Editor.csproj", "{67991440-BAEA-F8A9-4B78-7920FAC097D7}"
EndProject
Project("{FAE04EC0-301F-11D3-BF4B-00C04F79EFBC}") = "Unity.InternalAPIEditorBridge.001", "Unity.InternalAPIEditorBridge.001.csproj", "{CC1CB84A-AB21-AFE0-743D-30AD3F96F437}"
EndProject
Project("{FAE04EC0-301F-11D3-BF4B-00C04F79EFBC}") = "TweenerEditor", "TweenerEditor.csproj", "{04EE66C8-08AF-491B-4F26-5C07D4DE16ED}"
EndProject
Project("{FAE04EC0-301F-11D3-BF4B-00C04F79EFBC}") = "Unity.VisualScripting.Shared.Editor", "Unity.VisualScripting.Shared.Editor.csproj", "{A28FC478-1A11-2D1D-BB08-808B3EAB074E}"
EndProject
Project("{FAE04EC0-301F-11D3-BF4B-00C04F79EFBC}") = "UnityEngine.UI", "UnityEngine.UI.Player.csproj", "{540D1351-28D2-4F59-1EB0-1D19B699E178}"
EndProject
Project("{FAE04EC0-301F-11D3-BF4B-00C04F79EFBC}") = "UnityEngine.TestRunner", "UnityEngine.TestRunner.Player.csproj", "{BBF713F8-A915-6C24-5BEF-F78787DA87D8}"
EndProject
Project("{FAE04EC0-301F-11D3-BF4B-00C04F79EFBC}") = "Unity.VisualScripting.Flow", "Unity.VisualScripting.Flow.Player.csproj", "{309F8B77-06BB-F276-E09F-83DFAA9FDB12}"
EndProject
Project("{FAE04EC0-301F-11D3-BF4B-00C04F79EFBC}") = "Unity.Mathematics", "Unity.Mathematics.Player.csproj", "{BCB33D3F-3DE4-1AB6-8883-2E0FC5C3BF4F}"
EndProject
Project("{FAE04EC0-301F-11D3-BF4B-00C04F79EFBC}") = "Unity.VisualScripting.State", "Unity.VisualScripting.State.Player.csproj", "{77751840-EC23-8963-1158-7A768F620F18}"
EndProject
Project("{FAE04EC0-301F-11D3-BF4B-00C04F79EFBC}") = "Unity.VisualScripting.Core", "Unity.VisualScripting.Core.Player.csproj", "{608E9DC2-625E-9D75-BC32-0E069DDB675A}"
EndProject
Project("{FAE04EC0-301F-11D3-BF4B-00C04F79EFBC}") = "Unity.Burst", "Unity.Burst.Player.csproj", "{3E3EF52D-A3DA-E57B-ECDB-3834B68E817A}"
EndProject
Project("{FAE04EC0-301F-11D3-BF4B-00C04F79EFBC}") = "Unity.2D.Animation.Runtime", "Unity.2D.Animation.Runtime.Player.csproj", "{DBF5FBF0-BA29-A8CE-3351-FC87CCB93894}"
EndProject
Project("{FAE04EC0-301F-11D3-BF4B-00C04F79EFBC}") = "Unity.TextMeshPro", "Unity.TextMeshPro.Player.csproj", "{A1ECFE0B-0F2A-F4E9-BEC9-A0AB37039E2B}"
EndProject
Project("{FAE04EC0-301F-11D3-BF4B-00C04F79EFBC}") = "Tweener", "Tweener.Player.csproj", "{5901F79A-B16B-F203-4484-826F606930AF}"
EndProject
Project("{FAE04EC0-301F-11D3-BF4B-00C04F79EFBC}") = "Assembly-CSharp", "Assembly-CSharp.Player.csproj", "{551B744D-30BD-D870-6FB2-8B22D6F6AE6D}"
EndProject
Project("{FAE04EC0-301F-11D3-BF4B-00C04F79EFBC}") = "Unity.Timeline", "Unity.Timeline.Player.csproj", "{5CC25F87-4733-34D5-1CB2-F0253EE4171F}"
EndProject
Project("{FAE04EC0-301F-11D3-BF4B-00C04F79EFBC}") = "Unity.2D.SpriteShape.Runtime", "Unity.2D.SpriteShape.Runtime.Player.csproj", "{62C5F7DA-DFE6-E833-2A67-B9390A5CA479}"
EndProject
Project("{FAE04EC0-301F-11D3-BF4B-00C04F79EFBC}") = "Unity.2D.PixelPerfect", "Unity.2D.PixelPerfect.Player.csproj", "{F5616814-5198-1103-0394-453C87DBD2F9}"
EndProject
Project("{FAE04EC0-301F-11D3-BF4B-00C04F79EFBC}") = "Unity.2D.Common.Runtime", "Unity.2D.Common.Runtime.Player.csproj", "{FF1318FB-EBBE-E421-85A9-6986D925BC7B}"
EndProject
Project("{FAE04EC0-301F-11D3-BF4B-00C04F79EFBC}") = "Unity.2D.IK.Runtime", "Unity.2D.IK.Runtime.Player.csproj", "{A9850575-CE71-F0FE-EC58-DE58DC8279EA}"
EndProject
Project("{FAE04EC0-301F-11D3-BF4B-00C04F79EFBC}") = "Unity.2D.Tilemap.Extras", "Unity.2D.Tilemap.Extras.Player.csproj", "{3D568BAF-AD8D-90B9-EE13-AD223B8C18F5}"
EndProject
Project("{FAE04EC0-301F-11D3-BF4B-00C04F79EFBC}") = "Unity.InternalAPIEngineBridge.001", "Unity.InternalAPIEngineBridge.001.Player.csproj", "{29EC2A41-BF3D-B025-7C7B-6F67A3960A78}"
EndProject
Global
	GlobalSection(SolutionConfigurationPlatforms) = preSolution
		Debug|Any CPU = Debug|Any CPU
		Release|Any CPU = Release|Any CPU
	EndGlobalSection
	GlobalSection(ProjectConfigurationPlatforms) = postSolution
		{A4AE7A8E-039C-D2A6-BC81-6779E2483FAC}.Debug|Any CPU.ActiveCfg = Debug|Any CPU
		{A4AE7A8E-039C-D2A6-BC81-6779E2483FAC}.Debug|Any CPU.Build.0 = Debug|Any CPU
		{A4AE7A8E-039C-D2A6-BC81-6779E2483FAC}.Release|Any CPU.ActiveCfg = Release|Any CPU
		{A4AE7A8E-039C-D2A6-BC81-6779E2483FAC}.Release|Any CPU.Build.0 = Release|Any CPU
		{921BBC84-AEE5-5F41-1771-5897F35A39F2}.Debug|Any CPU.ActiveCfg = Debug|Any CPU
		{921BBC84-AEE5-5F41-1771-5897F35A39F2}.Debug|Any CPU.Build.0 = Debug|Any CPU
		{921BBC84-AEE5-5F41-1771-5897F35A39F2}.Release|Any CPU.ActiveCfg = Release|Any CPU
		{921BBC84-AEE5-5F41-1771-5897F35A39F2}.Release|Any CPU.Build.0 = Release|Any CPU
		{830699A7-1CB3-7457-8BAD-A7275C142695}.Debug|Any CPU.ActiveCfg = Debug|Any CPU
		{830699A7-1CB3-7457-8BAD-A7275C142695}.Debug|Any CPU.Build.0 = Debug|Any CPU
		{830699A7-1CB3-7457-8BAD-A7275C142695}.Release|Any CPU.ActiveCfg = Release|Any CPU
		{830699A7-1CB3-7457-8BAD-A7275C142695}.Release|Any CPU.Build.0 = Release|Any CPU
		{50E136ED-811D-B7C4-E612-6A0D5EE570BF}.Debug|Any CPU.ActiveCfg = Debug|Any CPU
		{50E136ED-811D-B7C4-E612-6A0D5EE570BF}.Debug|Any CPU.Build.0 = Debug|Any CPU
		{50E136ED-811D-B7C4-E612-6A0D5EE570BF}.Release|Any CPU.ActiveCfg = Release|Any CPU
		{50E136ED-811D-B7C4-E612-6A0D5EE570BF}.Release|Any CPU.Build.0 = Release|Any CPU
		{4000BB2F-6A27-ABBB-FFFB-DBD6917585A4}.Debug|Any CPU.ActiveCfg = Debug|Any CPU
		{4000BB2F-6A27-ABBB-FFFB-DBD6917585A4}.Debug|Any CPU.Build.0 = Debug|Any CPU
		{4000BB2F-6A27-ABBB-FFFB-DBD6917585A4}.Release|Any CPU.ActiveCfg = Release|Any CPU
		{4000BB2F-6A27-ABBB-FFFB-DBD6917585A4}.Release|Any CPU.Build.0 = Release|Any CPU
		{9B68368E-CDC8-A14D-6B7B-3110DC339E9C}.Debug|Any CPU.ActiveCfg = Debug|Any CPU
		{9B68368E-CDC8-A14D-6B7B-3110DC339E9C}.Debug|Any CPU.Build.0 = Debug|Any CPU
		{9B68368E-CDC8-A14D-6B7B-3110DC339E9C}.Release|Any CPU.ActiveCfg = Release|Any CPU
		{9B68368E-CDC8-A14D-6B7B-3110DC339E9C}.Release|Any CPU.Build.0 = Release|Any CPU
		{2F1FDB87-0F72-3B40-4D05-2CDDCDC927E1}.Debug|Any CPU.ActiveCfg = Debug|Any CPU
		{2F1FDB87-0F72-3B40-4D05-2CDDCDC927E1}.Debug|Any CPU.Build.0 = Debug|Any CPU
		{2F1FDB87-0F72-3B40-4D05-2CDDCDC927E1}.Release|Any CPU.ActiveCfg = Release|Any CPU
		{2F1FDB87-0F72-3B40-4D05-2CDDCDC927E1}.Release|Any CPU.Build.0 = Release|Any CPU
		{B9E8AC16-7B80-9544-D2C8-8B2AD8386171}.Debug|Any CPU.ActiveCfg = Debug|Any CPU
		{B9E8AC16-7B80-9544-D2C8-8B2AD8386171}.Debug|Any CPU.Build.0 = Debug|Any CPU
		{B9E8AC16-7B80-9544-D2C8-8B2AD8386171}.Release|Any CPU.ActiveCfg = Release|Any CPU
		{B9E8AC16-7B80-9544-D2C8-8B2AD8386171}.Release|Any CPU.Build.0 = Release|Any CPU
		{F6884E50-08EF-329D-246C-0EA646368EC1}.Debug|Any CPU.ActiveCfg = Debug|Any CPU
		{F6884E50-08EF-329D-246C-0EA646368EC1}.Debug|Any CPU.Build.0 = Debug|Any CPU
		{F6884E50-08EF-329D-246C-0EA646368EC1}.Release|Any CPU.ActiveCfg = Release|Any CPU
		{F6884E50-08EF-329D-246C-0EA646368EC1}.Release|Any CPU.Build.0 = Release|Any CPU
		{88B93DF1-E871-0182-E8B5-2DCCBDA906C3}.Debug|Any CPU.ActiveCfg = Debug|Any CPU
		{88B93DF1-E871-0182-E8B5-2DCCBDA906C3}.Debug|Any CPU.Build.0 = Debug|Any CPU
		{88B93DF1-E871-0182-E8B5-2DCCBDA906C3}.Release|Any CPU.ActiveCfg = Release|Any CPU
		{88B93DF1-E871-0182-E8B5-2DCCBDA906C3}.Release|Any CPU.Build.0 = Release|Any CPU
		{B34E780E-8F1E-ECBE-2A4C-5C9CC05B7609}.Debug|Any CPU.ActiveCfg = Debug|Any CPU
		{B34E780E-8F1E-ECBE-2A4C-5C9CC05B7609}.Debug|Any CPU.Build.0 = Debug|Any CPU
		{B34E780E-8F1E-ECBE-2A4C-5C9CC05B7609}.Release|Any CPU.ActiveCfg = Release|Any CPU
		{B34E780E-8F1E-ECBE-2A4C-5C9CC05B7609}.Release|Any CPU.Build.0 = Release|Any CPU
		{1ACA19B7-C708-C689-52A2-1D4413C0D822}.Debug|Any CPU.ActiveCfg = Debug|Any CPU
		{1ACA19B7-C708-C689-52A2-1D4413C0D822}.Debug|Any CPU.Build.0 = Debug|Any CPU
		{1ACA19B7-C708-C689-52A2-1D4413C0D822}.Release|Any CPU.ActiveCfg = Release|Any CPU
		{1ACA19B7-C708-C689-52A2-1D4413C0D822}.Release|Any CPU.Build.0 = Release|Any CPU
		{BFD05E31-AA7E-2396-CA55-443948BA89D7}.Debug|Any CPU.ActiveCfg = Debug|Any CPU
		{BFD05E31-AA7E-2396-CA55-443948BA89D7}.Debug|Any CPU.Build.0 = Debug|Any CPU
		{BFD05E31-AA7E-2396-CA55-443948BA89D7}.Release|Any CPU.ActiveCfg = Release|Any CPU
		{BFD05E31-AA7E-2396-CA55-443948BA89D7}.Release|Any CPU.Build.0 = Release|Any CPU
		{4CE0D933-DB12-A62F-2076-0C123AB53FD2}.Debug|Any CPU.ActiveCfg = Debug|Any CPU
		{4CE0D933-DB12-A62F-2076-0C123AB53FD2}.Debug|Any CPU.Build.0 = Debug|Any CPU
		{4CE0D933-DB12-A62F-2076-0C123AB53FD2}.Release|Any CPU.ActiveCfg = Release|Any CPU
		{4CE0D933-DB12-A62F-2076-0C123AB53FD2}.Release|Any CPU.Build.0 = Release|Any CPU
		{05C658DE-77A9-54A3-7D5B-630A80BC92E6}.Debug|Any CPU.ActiveCfg = Debug|Any CPU
		{05C658DE-77A9-54A3-7D5B-630A80BC92E6}.Debug|Any CPU.Build.0 = Debug|Any CPU
		{05C658DE-77A9-54A3-7D5B-630A80BC92E6}.Release|Any CPU.ActiveCfg = Release|Any CPU
		{05C658DE-77A9-54A3-7D5B-630A80BC92E6}.Release|Any CPU.Build.0 = Release|Any CPU
		{4CF774C2-CADB-68AE-635B-57B5D5786ABF}.Debug|Any CPU.ActiveCfg = Debug|Any CPU
		{4CF774C2-CADB-68AE-635B-57B5D5786ABF}.Debug|Any CPU.Build.0 = Debug|Any CPU
		{4CF774C2-CADB-68AE-635B-57B5D5786ABF}.Release|Any CPU.ActiveCfg = Release|Any CPU
		{4CF774C2-CADB-68AE-635B-57B5D5786ABF}.Release|Any CPU.Build.0 = Release|Any CPU
		{DB18314B-6B4E-7C1F-118D-C618F91C021C}.Debug|Any CPU.ActiveCfg = Debug|Any CPU
		{DB18314B-6B4E-7C1F-118D-C618F91C021C}.Debug|Any CPU.Build.0 = Debug|Any CPU
		{DB18314B-6B4E-7C1F-118D-C618F91C021C}.Release|Any CPU.ActiveCfg = Release|Any CPU
		{DB18314B-6B4E-7C1F-118D-C618F91C021C}.Release|Any CPU.Build.0 = Release|Any CPU
		{77948CF2-E31A-E0ED-AA47-E676BCEAAA0C}.Debug|Any CPU.ActiveCfg = Debug|Any CPU
		{77948CF2-E31A-E0ED-AA47-E676BCEAAA0C}.Debug|Any CPU.Build.0 = Debug|Any CPU
		{77948CF2-E31A-E0ED-AA47-E676BCEAAA0C}.Release|Any CPU.ActiveCfg = Release|Any CPU
		{77948CF2-E31A-E0ED-AA47-E676BCEAAA0C}.Release|Any CPU.Build.0 = Release|Any CPU
		{DC5AD7E2-8A18-A4B5-4E9B-DC677C70AD20}.Debug|Any CPU.ActiveCfg = Debug|Any CPU
		{DC5AD7E2-8A18-A4B5-4E9B-DC677C70AD20}.Debug|Any CPU.Build.0 = Debug|Any CPU
		{DC5AD7E2-8A18-A4B5-4E9B-DC677C70AD20}.Release|Any CPU.ActiveCfg = Release|Any CPU
		{DC5AD7E2-8A18-A4B5-4E9B-DC677C70AD20}.Release|Any CPU.Build.0 = Release|Any CPU
		{26A2A9CA-B521-B77B-6708-04170A90B1E2}.Debug|Any CPU.ActiveCfg = Debug|Any CPU
		{26A2A9CA-B521-B77B-6708-04170A90B1E2}.Debug|Any CPU.Build.0 = Debug|Any CPU
		{26A2A9CA-B521-B77B-6708-04170A90B1E2}.Release|Any CPU.ActiveCfg = Release|Any CPU
		{26A2A9CA-B521-B77B-6708-04170A90B1E2}.Release|Any CPU.Build.0 = Release|Any CPU
		{41E698B2-EB24-0DC2-CD1B-9DC7844D85CC}.Debug|Any CPU.ActiveCfg = Debug|Any CPU
		{41E698B2-EB24-0DC2-CD1B-9DC7844D85CC}.Debug|Any CPU.Build.0 = Debug|Any CPU
		{41E698B2-EB24-0DC2-CD1B-9DC7844D85CC}.Release|Any CPU.ActiveCfg = Release|Any CPU
		{41E698B2-EB24-0DC2-CD1B-9DC7844D85CC}.Release|Any CPU.Build.0 = Release|Any CPU
		{7EE1E585-D591-A14A-4973-2E6342CAC175}.Debug|Any CPU.ActiveCfg = Debug|Any CPU
		{7EE1E585-D591-A14A-4973-2E6342CAC175}.Debug|Any CPU.Build.0 = Debug|Any CPU
		{7EE1E585-D591-A14A-4973-2E6342CAC175}.Release|Any CPU.ActiveCfg = Release|Any CPU
		{7EE1E585-D591-A14A-4973-2E6342CAC175}.Release|Any CPU.Build.0 = Release|Any CPU
		{3FB0DA63-01F5-E759-81A7-245894F916DC}.Debug|Any CPU.ActiveCfg = Debug|Any CPU
		{3FB0DA63-01F5-E759-81A7-245894F916DC}.Debug|Any CPU.Build.0 = Debug|Any CPU
		{3FB0DA63-01F5-E759-81A7-245894F916DC}.Release|Any CPU.ActiveCfg = Release|Any CPU
		{3FB0DA63-01F5-E759-81A7-245894F916DC}.Release|Any CPU.Build.0 = Release|Any CPU
		{79AD3E76-7161-78A7-8316-803FAA6920C5}.Debug|Any CPU.ActiveCfg = Debug|Any CPU
		{79AD3E76-7161-78A7-8316-803FAA6920C5}.Debug|Any CPU.Build.0 = Debug|Any CPU
		{79AD3E76-7161-78A7-8316-803FAA6920C5}.Release|Any CPU.ActiveCfg = Release|Any CPU
		{79AD3E76-7161-78A7-8316-803FAA6920C5}.Release|Any CPU.Build.0 = Release|Any CPU
		{9F30E4B2-63F8-D435-19A3-A0D75CED3DDD}.Debug|Any CPU.ActiveCfg = Debug|Any CPU
		{9F30E4B2-63F8-D435-19A3-A0D75CED3DDD}.Debug|Any CPU.Build.0 = Debug|Any CPU
		{9F30E4B2-63F8-D435-19A3-A0D75CED3DDD}.Release|Any CPU.ActiveCfg = Release|Any CPU
		{9F30E4B2-63F8-D435-19A3-A0D75CED3DDD}.Release|Any CPU.Build.0 = Release|Any CPU
		{772C3A5A-61CD-823A-71C5-4FE014AD78B5}.Debug|Any CPU.ActiveCfg = Debug|Any CPU
		{772C3A5A-61CD-823A-71C5-4FE014AD78B5}.Debug|Any CPU.Build.0 = Debug|Any CPU
		{772C3A5A-61CD-823A-71C5-4FE014AD78B5}.Release|Any CPU.ActiveCfg = Release|Any CPU
		{772C3A5A-61CD-823A-71C5-4FE014AD78B5}.Release|Any CPU.Build.0 = Release|Any CPU
		{F2D1D516-0CC9-5E51-64C8-E86C6D649097}.Debug|Any CPU.ActiveCfg = Debug|Any CPU
		{F2D1D516-0CC9-5E51-64C8-E86C6D649097}.Debug|Any CPU.Build.0 = Debug|Any CPU
		{F2D1D516-0CC9-5E51-64C8-E86C6D649097}.Release|Any CPU.ActiveCfg = Release|Any CPU
		{F2D1D516-0CC9-5E51-64C8-E86C6D649097}.Release|Any CPU.Build.0 = Release|Any CPU
		{1F2CEDB6-6A4B-81C5-8D0B-FE85001E4EF5}.Debug|Any CPU.ActiveCfg = Debug|Any CPU
		{1F2CEDB6-6A4B-81C5-8D0B-FE85001E4EF5}.Debug|Any CPU.Build.0 = Debug|Any CPU
		{1F2CEDB6-6A4B-81C5-8D0B-FE85001E4EF5}.Release|Any CPU.ActiveCfg = Release|Any CPU
		{1F2CEDB6-6A4B-81C5-8D0B-FE85001E4EF5}.Release|Any CPU.Build.0 = Release|Any CPU
		{F78444CB-CAA0-3FF2-1223-C2BDB6F22554}.Debug|Any CPU.ActiveCfg = Debug|Any CPU
		{F78444CB-CAA0-3FF2-1223-C2BDB6F22554}.Debug|Any CPU.Build.0 = Debug|Any CPU
		{F78444CB-CAA0-3FF2-1223-C2BDB6F22554}.Release|Any CPU.ActiveCfg = Release|Any CPU
		{F78444CB-CAA0-3FF2-1223-C2BDB6F22554}.Release|Any CPU.Build.0 = Release|Any CPU
		{B5EA28D4-796F-60B2-B1E4-BF7AE5EFDC6D}.Debug|Any CPU.ActiveCfg = Debug|Any CPU
		{B5EA28D4-796F-60B2-B1E4-BF7AE5EFDC6D}.Debug|Any CPU.Build.0 = Debug|Any CPU
		{B5EA28D4-796F-60B2-B1E4-BF7AE5EFDC6D}.Release|Any CPU.ActiveCfg = Release|Any CPU
		{B5EA28D4-796F-60B2-B1E4-BF7AE5EFDC6D}.Release|Any CPU.Build.0 = Release|Any CPU
		{33ED6479-E652-D0E0-F78F-6F8D2443F7A6}.Debug|Any CPU.ActiveCfg = Debug|Any CPU
		{33ED6479-E652-D0E0-F78F-6F8D2443F7A6}.Debug|Any CPU.Build.0 = Debug|Any CPU
		{33ED6479-E652-D0E0-F78F-6F8D2443F7A6}.Release|Any CPU.ActiveCfg = Release|Any CPU
		{33ED6479-E652-D0E0-F78F-6F8D2443F7A6}.Release|Any CPU.Build.0 = Release|Any CPU
		{5104BF1C-2919-69C2-866A-8AB80669DC9F}.Debug|Any CPU.ActiveCfg = Debug|Any CPU
		{5104BF1C-2919-69C2-866A-8AB80669DC9F}.Debug|Any CPU.Build.0 = Debug|Any CPU
		{5104BF1C-2919-69C2-866A-8AB80669DC9F}.Release|Any CPU.ActiveCfg = Release|Any CPU
		{5104BF1C-2919-69C2-866A-8AB80669DC9F}.Release|Any CPU.Build.0 = Release|Any CPU
		{A0A0800D-BE47-B36A-A5D4-0B22C9D2E0EF}.Debug|Any CPU.ActiveCfg = Debug|Any CPU
		{A0A0800D-BE47-B36A-A5D4-0B22C9D2E0EF}.Debug|Any CPU.Build.0 = Debug|Any CPU
		{A0A0800D-BE47-B36A-A5D4-0B22C9D2E0EF}.Release|Any CPU.ActiveCfg = Release|Any CPU
		{A0A0800D-BE47-B36A-A5D4-0B22C9D2E0EF}.Release|Any CPU.Build.0 = Release|Any CPU
		{391EB990-01E2-450E-877E-782767E36659}.Debug|Any CPU.ActiveCfg = Debug|Any CPU
		{391EB990-01E2-450E-877E-782767E36659}.Debug|Any CPU.Build.0 = Debug|Any CPU
		{391EB990-01E2-450E-877E-782767E36659}.Release|Any CPU.ActiveCfg = Release|Any CPU
		{391EB990-01E2-450E-877E-782767E36659}.Release|Any CPU.Build.0 = Release|Any CPU
		{FE3BBE29-4786-A9B7-63CD-AC2B0421DC30}.Debug|Any CPU.ActiveCfg = Debug|Any CPU
		{FE3BBE29-4786-A9B7-63CD-AC2B0421DC30}.Debug|Any CPU.Build.0 = Debug|Any CPU
		{FE3BBE29-4786-A9B7-63CD-AC2B0421DC30}.Release|Any CPU.ActiveCfg = Release|Any CPU
		{FE3BBE29-4786-A9B7-63CD-AC2B0421DC30}.Release|Any CPU.Build.0 = Release|Any CPU
		{5AEE9E90-31F8-7B9D-7224-22C6CC190EFC}.Debug|Any CPU.ActiveCfg = Debug|Any CPU
		{5AEE9E90-31F8-7B9D-7224-22C6CC190EFC}.Debug|Any CPU.Build.0 = Debug|Any CPU
		{5AEE9E90-31F8-7B9D-7224-22C6CC190EFC}.Release|Any CPU.ActiveCfg = Release|Any CPU
		{5AEE9E90-31F8-7B9D-7224-22C6CC190EFC}.Release|Any CPU.Build.0 = Release|Any CPU
		{4D6DCC70-B195-F41F-F242-69C694557112}.Debug|Any CPU.ActiveCfg = Debug|Any CPU
		{4D6DCC70-B195-F41F-F242-69C694557112}.Debug|Any CPU.Build.0 = Debug|Any CPU
		{4D6DCC70-B195-F41F-F242-69C694557112}.Release|Any CPU.ActiveCfg = Release|Any CPU
		{4D6DCC70-B195-F41F-F242-69C694557112}.Release|Any CPU.Build.0 = Release|Any CPU
		{C4CC37A3-ECC0-2C9D-490B-A22B0CBDE03A}.Debug|Any CPU.ActiveCfg = Debug|Any CPU
		{C4CC37A3-ECC0-2C9D-490B-A22B0CBDE03A}.Debug|Any CPU.Build.0 = Debug|Any CPU
		{C4CC37A3-ECC0-2C9D-490B-A22B0CBDE03A}.Release|Any CPU.ActiveCfg = Release|Any CPU
		{C4CC37A3-ECC0-2C9D-490B-A22B0CBDE03A}.Release|Any CPU.Build.0 = Release|Any CPU
		{5E8B619C-56F1-D1FE-545D-6A43E580C52A}.Debug|Any CPU.ActiveCfg = Debug|Any CPU
		{5E8B619C-56F1-D1FE-545D-6A43E580C52A}.Debug|Any CPU.Build.0 = Debug|Any CPU
		{5E8B619C-56F1-D1FE-545D-6A43E580C52A}.Release|Any CPU.ActiveCfg = Release|Any CPU
		{5E8B619C-56F1-D1FE-545D-6A43E580C52A}.Release|Any CPU.Build.0 = Release|Any CPU
		{514C7EE3-97A4-688A-3684-0F22D4690A0E}.Debug|Any CPU.ActiveCfg = Debug|Any CPU
		{514C7EE3-97A4-688A-3684-0F22D4690A0E}.Debug|Any CPU.Build.0 = Debug|Any CPU
		{514C7EE3-97A4-688A-3684-0F22D4690A0E}.Release|Any CPU.ActiveCfg = Release|Any CPU
		{514C7EE3-97A4-688A-3684-0F22D4690A0E}.Release|Any CPU.Build.0 = Release|Any CPU
		{9C9A476D-29FB-FC56-6F58-5B5D963FBDE0}.Debug|Any CPU.ActiveCfg = Debug|Any CPU
		{9C9A476D-29FB-FC56-6F58-5B5D963FBDE0}.Debug|Any CPU.Build.0 = Debug|Any CPU
		{9C9A476D-29FB-FC56-6F58-5B5D963FBDE0}.Release|Any CPU.ActiveCfg = Release|Any CPU
		{9C9A476D-29FB-FC56-6F58-5B5D963FBDE0}.Release|Any CPU.Build.0 = Release|Any CPU
		{F3D3F327-F932-38FB-B67F-9F0B62708A91}.Debug|Any CPU.ActiveCfg = Debug|Any CPU
		{F3D3F327-F932-38FB-B67F-9F0B62708A91}.Debug|Any CPU.Build.0 = Debug|Any CPU
		{F3D3F327-F932-38FB-B67F-9F0B62708A91}.Release|Any CPU.ActiveCfg = Release|Any CPU
		{F3D3F327-F932-38FB-B67F-9F0B62708A91}.Release|Any CPU.Build.0 = Release|Any CPU
		{8727B6D1-833E-F372-6F5B-2BC962B9CFA2}.Debug|Any CPU.ActiveCfg = Debug|Any CPU
		{8727B6D1-833E-F372-6F5B-2BC962B9CFA2}.Debug|Any CPU.Build.0 = Debug|Any CPU
		{8727B6D1-833E-F372-6F5B-2BC962B9CFA2}.Release|Any CPU.ActiveCfg = Release|Any CPU
		{8727B6D1-833E-F372-6F5B-2BC962B9CFA2}.Release|Any CPU.Build.0 = Release|Any CPU
		{B035BA52-E24C-4AAD-189F-3378EE1A66B5}.Debug|Any CPU.ActiveCfg = Debug|Any CPU
		{B035BA52-E24C-4AAD-189F-3378EE1A66B5}.Debug|Any CPU.Build.0 = Debug|Any CPU
		{B035BA52-E24C-4AAD-189F-3378EE1A66B5}.Release|Any CPU.ActiveCfg = Release|Any CPU
		{B035BA52-E24C-4AAD-189F-3378EE1A66B5}.Release|Any CPU.Build.0 = Release|Any CPU
		{67991440-BAEA-F8A9-4B78-7920FAC097D7}.Debug|Any CPU.ActiveCfg = Debug|Any CPU
		{67991440-BAEA-F8A9-4B78-7920FAC097D7}.Debug|Any CPU.Build.0 = Debug|Any CPU
		{67991440-BAEA-F8A9-4B78-7920FAC097D7}.Release|Any CPU.ActiveCfg = Release|Any CPU
		{67991440-BAEA-F8A9-4B78-7920FAC097D7}.Release|Any CPU.Build.0 = Release|Any CPU
		{CC1CB84A-AB21-AFE0-743D-30AD3F96F437}.Debug|Any CPU.ActiveCfg = Debug|Any CPU
		{CC1CB84A-AB21-AFE0-743D-30AD3F96F437}.Debug|Any CPU.Build.0 = Debug|Any CPU
		{CC1CB84A-AB21-AFE0-743D-30AD3F96F437}.Release|Any CPU.ActiveCfg = Release|Any CPU
		{CC1CB84A-AB21-AFE0-743D-30AD3F96F437}.Release|Any CPU.Build.0 = Release|Any CPU
		{04EE66C8-08AF-491B-4F26-5C07D4DE16ED}.Debug|Any CPU.ActiveCfg = Debug|Any CPU
		{04EE66C8-08AF-491B-4F26-5C07D4DE16ED}.Debug|Any CPU.Build.0 = Debug|Any CPU
		{04EE66C8-08AF-491B-4F26-5C07D4DE16ED}.Release|Any CPU.ActiveCfg = Release|Any CPU
		{04EE66C8-08AF-491B-4F26-5C07D4DE16ED}.Release|Any CPU.Build.0 = Release|Any CPU
		{A28FC478-1A11-2D1D-BB08-808B3EAB074E}.Debug|Any CPU.ActiveCfg = Debug|Any CPU
		{A28FC478-1A11-2D1D-BB08-808B3EAB074E}.Debug|Any CPU.Build.0 = Debug|Any CPU
		{A28FC478-1A11-2D1D-BB08-808B3EAB074E}.Release|Any CPU.ActiveCfg = Release|Any CPU
		{A28FC478-1A11-2D1D-BB08-808B3EAB074E}.Release|Any CPU.Build.0 = Release|Any CPU
		{540D1351-28D2-4F59-1EB0-1D19B699E178}.Debug|Any CPU.ActiveCfg = Debug|Any CPU
		{540D1351-28D2-4F59-1EB0-1D19B699E178}.Debug|Any CPU.Build.0 = Debug|Any CPU
		{540D1351-28D2-4F59-1EB0-1D19B699E178}.Release|Any CPU.ActiveCfg = Release|Any CPU
		{540D1351-28D2-4F59-1EB0-1D19B699E178}.Release|Any CPU.Build.0 = Release|Any CPU
		{BBF713F8-A915-6C24-5BEF-F78787DA87D8}.Debug|Any CPU.ActiveCfg = Debug|Any CPU
		{BBF713F8-A915-6C24-5BEF-F78787DA87D8}.Debug|Any CPU.Build.0 = Debug|Any CPU
		{BBF713F8-A915-6C24-5BEF-F78787DA87D8}.Release|Any CPU.ActiveCfg = Release|Any CPU
		{BBF713F8-A915-6C24-5BEF-F78787DA87D8}.Release|Any CPU.Build.0 = Release|Any CPU
		{309F8B77-06BB-F276-E09F-83DFAA9FDB12}.Debug|Any CPU.ActiveCfg = Debug|Any CPU
		{309F8B77-06BB-F276-E09F-83DFAA9FDB12}.Debug|Any CPU.Build.0 = Debug|Any CPU
		{309F8B77-06BB-F276-E09F-83DFAA9FDB12}.Release|Any CPU.ActiveCfg = Release|Any CPU
		{309F8B77-06BB-F276-E09F-83DFAA9FDB12}.Release|Any CPU.Build.0 = Release|Any CPU
		{BCB33D3F-3DE4-1AB6-8883-2E0FC5C3BF4F}.Debug|Any CPU.ActiveCfg = Debug|Any CPU
		{BCB33D3F-3DE4-1AB6-8883-2E0FC5C3BF4F}.Debug|Any CPU.Build.0 = Debug|Any CPU
		{BCB33D3F-3DE4-1AB6-8883-2E0FC5C3BF4F}.Release|Any CPU.ActiveCfg = Release|Any CPU
		{BCB33D3F-3DE4-1AB6-8883-2E0FC5C3BF4F}.Release|Any CPU.Build.0 = Release|Any CPU
		{77751840-EC23-8963-1158-7A768F620F18}.Debug|Any CPU.ActiveCfg = Debug|Any CPU
		{77751840-EC23-8963-1158-7A768F620F18}.Debug|Any CPU.Build.0 = Debug|Any CPU
		{77751840-EC23-8963-1158-7A768F620F18}.Release|Any CPU.ActiveCfg = Release|Any CPU
		{77751840-EC23-8963-1158-7A768F620F18}.Release|Any CPU.Build.0 = Release|Any CPU
		{608E9DC2-625E-9D75-BC32-0E069DDB675A}.Debug|Any CPU.ActiveCfg = Debug|Any CPU
		{608E9DC2-625E-9D75-BC32-0E069DDB675A}.Debug|Any CPU.Build.0 = Debug|Any CPU
		{608E9DC2-625E-9D75-BC32-0E069DDB675A}.Release|Any CPU.ActiveCfg = Release|Any CPU
		{608E9DC2-625E-9D75-BC32-0E069DDB675A}.Release|Any CPU.Build.0 = Release|Any CPU
		{3E3EF52D-A3DA-E57B-ECDB-3834B68E817A}.Debug|Any CPU.ActiveCfg = Debug|Any CPU
		{3E3EF52D-A3DA-E57B-ECDB-3834B68E817A}.Debug|Any CPU.Build.0 = Debug|Any CPU
		{3E3EF52D-A3DA-E57B-ECDB-3834B68E817A}.Release|Any CPU.ActiveCfg = Release|Any CPU
		{3E3EF52D-A3DA-E57B-ECDB-3834B68E817A}.Release|Any CPU.Build.0 = Release|Any CPU
		{DBF5FBF0-BA29-A8CE-3351-FC87CCB93894}.Debug|Any CPU.ActiveCfg = Debug|Any CPU
		{DBF5FBF0-BA29-A8CE-3351-FC87CCB93894}.Debug|Any CPU.Build.0 = Debug|Any CPU
		{DBF5FBF0-BA29-A8CE-3351-FC87CCB93894}.Release|Any CPU.ActiveCfg = Release|Any CPU
		{DBF5FBF0-BA29-A8CE-3351-FC87CCB93894}.Release|Any CPU.Build.0 = Release|Any CPU
		{A1ECFE0B-0F2A-F4E9-BEC9-A0AB37039E2B}.Debug|Any CPU.ActiveCfg = Debug|Any CPU
		{A1ECFE0B-0F2A-F4E9-BEC9-A0AB37039E2B}.Debug|Any CPU.Build.0 = Debug|Any CPU
		{A1ECFE0B-0F2A-F4E9-BEC9-A0AB37039E2B}.Release|Any CPU.ActiveCfg = Release|Any CPU
		{A1ECFE0B-0F2A-F4E9-BEC9-A0AB37039E2B}.Release|Any CPU.Build.0 = Release|Any CPU
		{5901F79A-B16B-F203-4484-826F606930AF}.Debug|Any CPU.ActiveCfg = Debug|Any CPU
		{5901F79A-B16B-F203-4484-826F606930AF}.Debug|Any CPU.Build.0 = Debug|Any CPU
		{5901F79A-B16B-F203-4484-826F606930AF}.Release|Any CPU.ActiveCfg = Release|Any CPU
		{5901F79A-B16B-F203-4484-826F606930AF}.Release|Any CPU.Build.0 = Release|Any CPU
		{551B744D-30BD-D870-6FB2-8B22D6F6AE6D}.Debug|Any CPU.ActiveCfg = Debug|Any CPU
		{551B744D-30BD-D870-6FB2-8B22D6F6AE6D}.Debug|Any CPU.Build.0 = Debug|Any CPU
		{551B744D-30BD-D870-6FB2-8B22D6F6AE6D}.Release|Any CPU.ActiveCfg = Release|Any CPU
		{551B744D-30BD-D870-6FB2-8B22D6F6AE6D}.Release|Any CPU.Build.0 = Release|Any CPU
		{5CC25F87-4733-34D5-1CB2-F0253EE4171F}.Debug|Any CPU.ActiveCfg = Debug|Any CPU
		{5CC25F87-4733-34D5-1CB2-F0253EE4171F}.Debug|Any CPU.Build.0 = Debug|Any CPU
		{5CC25F87-4733-34D5-1CB2-F0253EE4171F}.Release|Any CPU.ActiveCfg = Release|Any CPU
		{5CC25F87-4733-34D5-1CB2-F0253EE4171F}.Release|Any CPU.Build.0 = Release|Any CPU
		{62C5F7DA-DFE6-E833-2A67-B9390A5CA479}.Debug|Any CPU.ActiveCfg = Debug|Any CPU
		{62C5F7DA-DFE6-E833-2A67-B9390A5CA479}.Debug|Any CPU.Build.0 = Debug|Any CPU
		{62C5F7DA-DFE6-E833-2A67-B9390A5CA479}.Release|Any CPU.ActiveCfg = Release|Any CPU
		{62C5F7DA-DFE6-E833-2A67-B9390A5CA479}.Release|Any CPU.Build.0 = Release|Any CPU
		{F5616814-5198-1103-0394-453C87DBD2F9}.Debug|Any CPU.ActiveCfg = Debug|Any CPU
		{F5616814-5198-1103-0394-453C87DBD2F9}.Debug|Any CPU.Build.0 = Debug|Any CPU
		{F5616814-5198-1103-0394-453C87DBD2F9}.Release|Any CPU.ActiveCfg = Release|Any CPU
		{F5616814-5198-1103-0394-453C87DBD2F9}.Release|Any CPU.Build.0 = Release|Any CPU
		{FF1318FB-EBBE-E421-85A9-6986D925BC7B}.Debug|Any CPU.ActiveCfg = Debug|Any CPU
		{FF1318FB-EBBE-E421-85A9-6986D925BC7B}.Debug|Any CPU.Build.0 = Debug|Any CPU
		{FF1318FB-EBBE-E421-85A9-6986D925BC7B}.Release|Any CPU.ActiveCfg = Release|Any CPU
		{FF1318FB-EBBE-E421-85A9-6986D925BC7B}.Release|Any CPU.Build.0 = Release|Any CPU
		{A9850575-CE71-F0FE-EC58-DE58DC8279EA}.Debug|Any CPU.ActiveCfg = Debug|Any CPU
		{A9850575-CE71-F0FE-EC58-DE58DC8279EA}.Debug|Any CPU.Build.0 = Debug|Any CPU
		{A9850575-CE71-F0FE-EC58-DE58DC8279EA}.Release|Any CPU.ActiveCfg = Release|Any CPU
		{A9850575-CE71-F0FE-EC58-DE58DC8279EA}.Release|Any CPU.Build.0 = Release|Any CPU
		{3D568BAF-AD8D-90B9-EE13-AD223B8C18F5}.Debug|Any CPU.ActiveCfg = Debug|Any CPU
		{3D568BAF-AD8D-90B9-EE13-AD223B8C18F5}.Debug|Any CPU.Build.0 = Debug|Any CPU
		{3D568BAF-AD8D-90B9-EE13-AD223B8C18F5}.Release|Any CPU.ActiveCfg = Release|Any CPU
		{3D568BAF-AD8D-90B9-EE13-AD223B8C18F5}.Release|Any CPU.Build.0 = Release|Any CPU
		{29EC2A41-BF3D-B025-7C7B-6F67A3960A78}.Debug|Any CPU.ActiveCfg = Debug|Any CPU
		{29EC2A41-BF3D-B025-7C7B-6F67A3960A78}.Debug|Any CPU.Build.0 = Debug|Any CPU
		{29EC2A41-BF3D-B025-7C7B-6F67A3960A78}.Release|Any CPU.ActiveCfg = Release|Any CPU
		{29EC2A41-BF3D-B025-7C7B-6F67A3960A78}.Release|Any CPU.Build.0 = Release|Any CPU
	EndGlobalSection
	GlobalSection(SolutionProperties) = preSolution
		HideSolutionNode = FALSE
	EndGlobalSection
EndGlobal
